// !$*UTF8*$!
{
	archiveVersion = 1;
	classes = {
	};
	objectVersion = 56;
	objects = {

/* Begin PBXBuildFile section */
		AD6F91B728EE221300195F12 /* ReplicateAPIPostModelPrediction.swift in Sources */ = {isa = PBXBuildFile; fileRef = AD6F91B628EE221300195F12 /* ReplicateAPIPostModelPrediction.swift */; };
		ADBD423628EF4C0200E0C8CF /* UIImage_Extention.swift in Sources */ = {isa = PBXBuildFile; fileRef = ADBD423528EF4C0200E0C8CF /* UIImage_Extention.swift */; };
		ADC14C2628ECD5C300065D97 /* ReplicateAPI.swift in Sources */ = {isa = PBXBuildFile; fileRef = ADC14C2528ECD5C300065D97 /* ReplicateAPI.swift */; };
		ADC14C2A28ECDF9100065D97 /* ReplicateAPIGetModelResponse.swift in Sources */ = {isa = PBXBuildFile; fileRef = ADC14C2928ECDF9100065D97 /* ReplicateAPIGetModelResponse.swift */; };
		CF46D3ED28ECD0040052C018 /* NiloApp.swift in Sources */ = {isa = PBXBuildFile; fileRef = CF46D3EC28ECD0040052C018 /* NiloApp.swift */; };
		CF46D3EF28ECD0040052C018 /* ContentView.swift in Sources */ = {isa = PBXBuildFile; fileRef = CF46D3EE28ECD0040052C018 /* ContentView.swift */; };
		CF46D3F128ECD0050052C018 /* Assets.xcassets in Resources */ = {isa = PBXBuildFile; fileRef = CF46D3F028ECD0050052C018 /* Assets.xcassets */; };
		CF46D3F428ECD0050052C018 /* Preview Assets.xcassets in Resources */ = {isa = PBXBuildFile; fileRef = CF46D3F328ECD0050052C018 /* Preview Assets.xcassets */; };
		CF46D40028ECD1CC0052C018 /* ContentViewExtension.swift in Sources */ = {isa = PBXBuildFile; fileRef = CF46D3FF28ECD1CC0052C018 /* ContentViewExtension.swift */; };
		CF52E58A28F0A8910074326F /* ReplicateAPIModelsEnum.swift in Sources */ = {isa = PBXBuildFile; fileRef = CF52E58928F0A8910074326F /* ReplicateAPIModelsEnum.swift */; };
		CF52E58C28F0ACDA0074326F /* ReplicateAPIInput.swift in Sources */ = {isa = PBXBuildFile; fileRef = CF52E58B28F0ACDA0074326F /* ReplicateAPIInput.swift */; };
		CF52E58E28F0B64C0074326F /* ReplicateAPIErro.swift in Sources */ = {isa = PBXBuildFile; fileRef = CF52E58D28F0B64C0074326F /* ReplicateAPIErro.swift */; };
		CF52E59028F0BEB50074326F /* ReplicateAPIPredictionInfo.swift in Sources */ = {isa = PBXBuildFile; fileRef = CF52E58F28F0BEB50074326F /* ReplicateAPIPredictionInfo.swift */; };
		CFEA98E328F108A10058F16F /* ReplicateAPIMakePredictionResponse.swift in Sources */ = {isa = PBXBuildFile; fileRef = CFEA98E228F108A00058F16F /* ReplicateAPIMakePredictionResponse.swift */; };
		CFEA98E828F1114F0058F16F /* ReplicateAPIBuffer.swift in Sources */ = {isa = PBXBuildFile; fileRef = CFEA98E728F1114F0058F16F /* ReplicateAPIBuffer.swift */; };
		CFEA98EB28F114D50058F16F /* CodableExtensions in Frameworks */ = {isa = PBXBuildFile; productRef = CFEA98EA28F114D50058F16F /* CodableExtensions */; };
		CFEA98ED28F120040058F16F /* test_replicateView.swift in Sources */ = {isa = PBXBuildFile; fileRef = CFEA98EC28F120040058F16F /* test_replicateView.swift */; };
/* End PBXBuildFile section */

/* Begin PBXFileReference section */
		AD6F91B628EE221300195F12 /* ReplicateAPIPostModelPrediction.swift */ = {isa = PBXFileReference; lastKnownFileType = sourcecode.swift; path = ReplicateAPIPostModelPrediction.swift; sourceTree = "<group>"; };
		ADBD423528EF4C0200E0C8CF /* UIImage_Extention.swift */ = {isa = PBXFileReference; lastKnownFileType = sourcecode.swift; path = UIImage_Extention.swift; sourceTree = "<group>"; };
		ADC14C2528ECD5C300065D97 /* ReplicateAPI.swift */ = {isa = PBXFileReference; lastKnownFileType = sourcecode.swift; path = ReplicateAPI.swift; sourceTree = "<group>"; };
		ADC14C2928ECDF9100065D97 /* ReplicateAPIGetModelResponse.swift */ = {isa = PBXFileReference; lastKnownFileType = sourcecode.swift; path = ReplicateAPIGetModelResponse.swift; sourceTree = "<group>"; };
		CF46D3E928ECD0040052C018 /* Nilo.app */ = {isa = PBXFileReference; explicitFileType = wrapper.application; includeInIndex = 0; path = Nilo.app; sourceTree = BUILT_PRODUCTS_DIR; };
		CF46D3EC28ECD0040052C018 /* NiloApp.swift */ = {isa = PBXFileReference; lastKnownFileType = sourcecode.swift; path = NiloApp.swift; sourceTree = "<group>"; };
		CF46D3EE28ECD0040052C018 /* ContentView.swift */ = {isa = PBXFileReference; lastKnownFileType = sourcecode.swift; path = ContentView.swift; sourceTree = "<group>"; };
		CF46D3F028ECD0050052C018 /* Assets.xcassets */ = {isa = PBXFileReference; lastKnownFileType = folder.assetcatalog; path = Assets.xcassets; sourceTree = "<group>"; };
		CF46D3F328ECD0050052C018 /* Preview Assets.xcassets */ = {isa = PBXFileReference; lastKnownFileType = folder.assetcatalog; path = "Preview Assets.xcassets"; sourceTree = "<group>"; };
		CF46D3FF28ECD1CC0052C018 /* ContentViewExtension.swift */ = {isa = PBXFileReference; lastKnownFileType = sourcecode.swift; path = ContentViewExtension.swift; sourceTree = "<group>"; };
		CF46D40128ECD21F0052C018 /* dummyModel.md */ = {isa = PBXFileReference; lastKnownFileType = net.daringfireball.markdown; path = dummyModel.md; sourceTree = "<group>"; };
		CF46D40228ECD2340052C018 /* dummyView.md */ = {isa = PBXFileReference; lastKnownFileType = net.daringfireball.markdown; path = dummyView.md; sourceTree = "<group>"; };
		CF52E58928F0A8910074326F /* ReplicateAPIModelsEnum.swift */ = {isa = PBXFileReference; lastKnownFileType = sourcecode.swift; path = ReplicateAPIModelsEnum.swift; sourceTree = "<group>"; };
		CF52E58B28F0ACDA0074326F /* ReplicateAPIInput.swift */ = {isa = PBXFileReference; lastKnownFileType = sourcecode.swift; path = ReplicateAPIInput.swift; sourceTree = "<group>"; };
		CF52E58D28F0B64C0074326F /* ReplicateAPIErro.swift */ = {isa = PBXFileReference; lastKnownFileType = sourcecode.swift; path = ReplicateAPIErro.swift; sourceTree = "<group>"; };
		CF52E58F28F0BEB50074326F /* ReplicateAPIPredictionInfo.swift */ = {isa = PBXFileReference; lastKnownFileType = sourcecode.swift; path = ReplicateAPIPredictionInfo.swift; sourceTree = "<group>"; };
		CFEA98E228F108A00058F16F /* ReplicateAPIMakePredictionResponse.swift */ = {isa = PBXFileReference; lastKnownFileType = sourcecode.swift; path = ReplicateAPIMakePredictionResponse.swift; sourceTree = "<group>"; };
		CFEA98E728F1114F0058F16F /* ReplicateAPIBuffer.swift */ = {isa = PBXFileReference; lastKnownFileType = sourcecode.swift; path = ReplicateAPIBuffer.swift; sourceTree = "<group>"; };
		CFEA98EC28F120040058F16F /* test_replicateView.swift */ = {isa = PBXFileReference; lastKnownFileType = sourcecode.swift; path = test_replicateView.swift; sourceTree = "<group>"; };
/* End PBXFileReference section */

/* Begin PBXFrameworksBuildPhase section */
		CF46D3E628ECD0040052C018 /* Frameworks */ = {
			isa = PBXFrameworksBuildPhase;
			buildActionMask = 2147483647;
			files = (
				CFEA98EB28F114D50058F16F /* CodableExtensions in Frameworks */,
			);
			runOnlyForDeploymentPostprocessing = 0;
		};
/* End PBXFrameworksBuildPhase section */

/* Begin PBXGroup section */
		ADC14C2728ECDF5900065D97 /* ReplicateAPI */ = {
			isa = PBXGroup;
			children = (
				CF52E58928F0A8910074326F /* ReplicateAPIModelsEnum.swift */,
				ADC14C2928ECDF9100065D97 /* ReplicateAPIGetModelResponse.swift */,
				AD6F91B628EE221300195F12 /* ReplicateAPIPostModelPrediction.swift */,
				CF52E58B28F0ACDA0074326F /* ReplicateAPIInput.swift */,
				CF52E58D28F0B64C0074326F /* ReplicateAPIErro.swift */,
				CF52E58F28F0BEB50074326F /* ReplicateAPIPredictionInfo.swift */,
				CFEA98E228F108A00058F16F /* ReplicateAPIMakePredictionResponse.swift */,
				CFEA98E728F1114F0058F16F /* ReplicateAPIBuffer.swift */,
			);
			path = ReplicateAPI;
			sourceTree = "<group>";
		};
		ADC14C2828ECDF7300065D97 /* API */ = {
			isa = PBXGroup;
			children = (
				ADC14C2728ECDF5900065D97 /* ReplicateAPI */,
			);
			path = API;
			sourceTree = "<group>";
		};
		CF46D3E028ECD0040052C018 = {
			isa = PBXGroup;
			children = (
				CF46D3EB28ECD0040052C018 /* Nilo */,
				CF46D3EA28ECD0040052C018 /* Products */,
			);
			sourceTree = "<group>";
		};
		CF46D3EA28ECD0040052C018 /* Products */ = {
			isa = PBXGroup;
			children = (
				CF46D3E928ECD0040052C018 /* Nilo.app */,
			);
			name = Products;
			sourceTree = "<group>";
		};
		CF46D3EB28ECD0040052C018 /* Nilo */ = {
			isa = PBXGroup;
			children = (
				CF46D3FD28ECD11D0052C018 /* Model */,
				CF46D3FB28ECD1060052C018 /* View */,
				CF46D3FA28ECD0FC0052C018 /* Networking */,
				CF46D3EC28ECD0040052C018 /* NiloApp.swift */,
				CF46D3EE28ECD0040052C018 /* ContentView.swift */,
				CF46D3FF28ECD1CC0052C018 /* ContentViewExtension.swift */,
				CF46D3F028ECD0050052C018 /* Assets.xcassets */,
				CF46D3F228ECD0050052C018 /* Preview Content */,
			);
			path = Nilo;
			sourceTree = "<group>";
		};
		CF46D3F228ECD0050052C018 /* Preview Content */ = {
			isa = PBXGroup;
			children = (
				CF46D3F328ECD0050052C018 /* Preview Assets.xcassets */,
			);
			path = "Preview Content";
			sourceTree = "<group>";
		};
		CF46D3FA28ECD0FC0052C018 /* Networking */ = {
			isa = PBXGroup;
			children = (
				CF46D3FE28ECD1590052C018 /* ReplicateAPI */,
			);
			path = Networking;
			sourceTree = "<group>";
		};
		CF46D3FB28ECD1060052C018 /* View */ = {
			isa = PBXGroup;
			children = (
				CF46D40228ECD2340052C018 /* dummyView.md */,
			);
			path = View;
			sourceTree = "<group>";
		};
		CF46D3FD28ECD11D0052C018 /* Model */ = {
			isa = PBXGroup;
			children = (
				ADC14C2828ECDF7300065D97 /* API */,
				CF46D40128ECD21F0052C018 /* dummyModel.md */,
			);
			path = Model;
			sourceTree = "<group>";
		};
		CF46D3FE28ECD1590052C018 /* ReplicateAPI */ = {
			isa = PBXGroup;
			children = (
				ADC14C2528ECD5C300065D97 /* ReplicateAPI.swift */,
				ADBD423528EF4C0200E0C8CF /* UIImage_Extention.swift */,
				CFEA98EC28F120040058F16F /* test_replicateView.swift */,
			);
			path = ReplicateAPI;
			sourceTree = "<group>";
		};
/* End PBXGroup section */

/* Begin PBXNativeTarget section */
		CF46D3E828ECD0040052C018 /* Nilo */ = {
			isa = PBXNativeTarget;
			buildConfigurationList = CF46D3F728ECD0050052C018 /* Build configuration list for PBXNativeTarget "Nilo" */;
			buildPhases = (
				CF46D3E528ECD0040052C018 /* Sources */,
				CF46D3E628ECD0040052C018 /* Frameworks */,
				CF46D3E728ECD0040052C018 /* Resources */,
			);
			buildRules = (
			);
			dependencies = (
			);
			name = Nilo;
			packageProductDependencies = (
				CFEA98EA28F114D50058F16F /* CodableExtensions */,
			);
			productName = Nilo;
			productReference = CF46D3E928ECD0040052C018 /* Nilo.app */;
			productType = "com.apple.product-type.application";
		};
/* End PBXNativeTarget section */

/* Begin PBXProject section */
		CF46D3E128ECD0040052C018 /* Project object */ = {
			isa = PBXProject;
			attributes = {
				BuildIndependentTargetsInParallel = 1;
				LastSwiftUpdateCheck = 1400;
				LastUpgradeCheck = 1400;
				TargetAttributes = {
					CF46D3E828ECD0040052C018 = {
						CreatedOnToolsVersion = 14.0;
					};
				};
			};
			buildConfigurationList = CF46D3E428ECD0040052C018 /* Build configuration list for PBXProject "Nilo" */;
			compatibilityVersion = "Xcode 14.0";
			developmentRegion = en;
			hasScannedForEncodings = 0;
			knownRegions = (
				en,
				Base,
			);
			mainGroup = CF46D3E028ECD0040052C018;
			packageReferences = (
				CFEA98E928F114D50058F16F /* XCRemoteSwiftPackageReference "CodableExtensions" */,
			);
			productRefGroup = CF46D3EA28ECD0040052C018 /* Products */;
			projectDirPath = "";
			projectRoot = "";
			targets = (
				CF46D3E828ECD0040052C018 /* Nilo */,
			);
		};
/* End PBXProject section */

/* Begin PBXResourcesBuildPhase section */
		CF46D3E728ECD0040052C018 /* Resources */ = {
			isa = PBXResourcesBuildPhase;
			buildActionMask = 2147483647;
			files = (
				CF46D3F428ECD0050052C018 /* Preview Assets.xcassets in Resources */,
				CF46D3F128ECD0050052C018 /* Assets.xcassets in Resources */,
			);
			runOnlyForDeploymentPostprocessing = 0;
		};
/* End PBXResourcesBuildPhase section */

/* Begin PBXSourcesBuildPhase section */
		CF46D3E528ECD0040052C018 /* Sources */ = {
			isa = PBXSourcesBuildPhase;
			buildActionMask = 2147483647;
			files = (
				CFEA98E828F1114F0058F16F /* ReplicateAPIBuffer.swift in Sources */,
				ADC14C2628ECD5C300065D97 /* ReplicateAPI.swift in Sources */,
				ADBD423628EF4C0200E0C8CF /* UIImage_Extention.swift in Sources */,
				AD6F91B728EE221300195F12 /* ReplicateAPIPostModelPrediction.swift in Sources */,
				CF52E58A28F0A8910074326F /* ReplicateAPIModelsEnum.swift in Sources */,
				CF52E58E28F0B64C0074326F /* ReplicateAPIErro.swift in Sources */,
				CF52E58C28F0ACDA0074326F /* ReplicateAPIInput.swift in Sources */,
				CFEA98E328F108A10058F16F /* ReplicateAPIMakePredictionResponse.swift in Sources */,
				CF46D40028ECD1CC0052C018 /* ContentViewExtension.swift in Sources */,
				CF46D3EF28ECD0040052C018 /* ContentView.swift in Sources */,
				CFEA98ED28F120040058F16F /* test_replicateView.swift in Sources */,
				CF52E59028F0BEB50074326F /* ReplicateAPIPredictionInfo.swift in Sources */,
				CF46D3ED28ECD0040052C018 /* NiloApp.swift in Sources */,
				ADC14C2A28ECDF9100065D97 /* ReplicateAPIGetModelResponse.swift in Sources */,
			);
			runOnlyForDeploymentPostprocessing = 0;
		};
/* End PBXSourcesBuildPhase section */

/* Begin XCBuildConfiguration section */
		CF46D3F528ECD0050052C018 /* Debug */ = {
			isa = XCBuildConfiguration;
			buildSettings = {
				ALWAYS_SEARCH_USER_PATHS = NO;
				CLANG_ANALYZER_NONNULL = YES;
				CLANG_ANALYZER_NUMBER_OBJECT_CONVERSION = YES_AGGRESSIVE;
				CLANG_CXX_LANGUAGE_STANDARD = "gnu++20";
				CLANG_ENABLE_MODULES = YES;
				CLANG_ENABLE_OBJC_ARC = YES;
				CLANG_ENABLE_OBJC_WEAK = YES;
				CLANG_WARN_BLOCK_CAPTURE_AUTORELEASING = YES;
				CLANG_WARN_BOOL_CONVERSION = YES;
				CLANG_WARN_COMMA = YES;
				CLANG_WARN_CONSTANT_CONVERSION = YES;
				CLANG_WARN_DEPRECATED_OBJC_IMPLEMENTATIONS = YES;
				CLANG_WARN_DIRECT_OBJC_ISA_USAGE = YES_ERROR;
				CLANG_WARN_DOCUMENTATION_COMMENTS = YES;
				CLANG_WARN_EMPTY_BODY = YES;
				CLANG_WARN_ENUM_CONVERSION = YES;
				CLANG_WARN_INFINITE_RECURSION = YES;
				CLANG_WARN_INT_CONVERSION = YES;
				CLANG_WARN_NON_LITERAL_NULL_CONVERSION = YES;
				CLANG_WARN_OBJC_IMPLICIT_RETAIN_SELF = YES;
				CLANG_WARN_OBJC_LITERAL_CONVERSION = YES;
				CLANG_WARN_OBJC_ROOT_CLASS = YES_ERROR;
				CLANG_WARN_QUOTED_INCLUDE_IN_FRAMEWORK_HEADER = YES;
				CLANG_WARN_RANGE_LOOP_ANALYSIS = YES;
				CLANG_WARN_STRICT_PROTOTYPES = YES;
				CLANG_WARN_SUSPICIOUS_MOVE = YES;
				CLANG_WARN_UNGUARDED_AVAILABILITY = YES_AGGRESSIVE;
				CLANG_WARN_UNREACHABLE_CODE = YES;
				CLANG_WARN__DUPLICATE_METHOD_MATCH = YES;
				COPY_PHASE_STRIP = NO;
				DEBUG_INFORMATION_FORMAT = dwarf;
				ENABLE_STRICT_OBJC_MSGSEND = YES;
				ENABLE_TESTABILITY = YES;
				GCC_C_LANGUAGE_STANDARD = gnu11;
				GCC_DYNAMIC_NO_PIC = NO;
				GCC_NO_COMMON_BLOCKS = YES;
				GCC_OPTIMIZATION_LEVEL = 0;
				GCC_PREPROCESSOR_DEFINITIONS = (
					"DEBUG=1",
					"$(inherited)",
				);
				GCC_WARN_64_TO_32_BIT_CONVERSION = YES;
				GCC_WARN_ABOUT_RETURN_TYPE = YES_ERROR;
				GCC_WARN_UNDECLARED_SELECTOR = YES;
				GCC_WARN_UNINITIALIZED_AUTOS = YES_AGGRESSIVE;
				GCC_WARN_UNUSED_FUNCTION = YES;
				GCC_WARN_UNUSED_VARIABLE = YES;
				IPHONEOS_DEPLOYMENT_TARGET = 16.0;
				MTL_ENABLE_DEBUG_INFO = INCLUDE_SOURCE;
				MTL_FAST_MATH = YES;
				ONLY_ACTIVE_ARCH = YES;
				SDKROOT = iphoneos;
				SWIFT_ACTIVE_COMPILATION_CONDITIONS = DEBUG;
				SWIFT_OPTIMIZATION_LEVEL = "-Onone";
			};
			name = Debug;
		};
		CF46D3F628ECD0050052C018 /* Release */ = {
			isa = XCBuildConfiguration;
			buildSettings = {
				ALWAYS_SEARCH_USER_PATHS = NO;
				CLANG_ANALYZER_NONNULL = YES;
				CLANG_ANALYZER_NUMBER_OBJECT_CONVERSION = YES_AGGRESSIVE;
				CLANG_CXX_LANGUAGE_STANDARD = "gnu++20";
				CLANG_ENABLE_MODULES = YES;
				CLANG_ENABLE_OBJC_ARC = YES;
				CLANG_ENABLE_OBJC_WEAK = YES;
				CLANG_WARN_BLOCK_CAPTURE_AUTORELEASING = YES;
				CLANG_WARN_BOOL_CONVERSION = YES;
				CLANG_WARN_COMMA = YES;
				CLANG_WARN_CONSTANT_CONVERSION = YES;
				CLANG_WARN_DEPRECATED_OBJC_IMPLEMENTATIONS = YES;
				CLANG_WARN_DIRECT_OBJC_ISA_USAGE = YES_ERROR;
				CLANG_WARN_DOCUMENTATION_COMMENTS = YES;
				CLANG_WARN_EMPTY_BODY = YES;
				CLANG_WARN_ENUM_CONVERSION = YES;
				CLANG_WARN_INFINITE_RECURSION = YES;
				CLANG_WARN_INT_CONVERSION = YES;
				CLANG_WARN_NON_LITERAL_NULL_CONVERSION = YES;
				CLANG_WARN_OBJC_IMPLICIT_RETAIN_SELF = YES;
				CLANG_WARN_OBJC_LITERAL_CONVERSION = YES;
				CLANG_WARN_OBJC_ROOT_CLASS = YES_ERROR;
				CLANG_WARN_QUOTED_INCLUDE_IN_FRAMEWORK_HEADER = YES;
				CLANG_WARN_RANGE_LOOP_ANALYSIS = YES;
				CLANG_WARN_STRICT_PROTOTYPES = YES;
				CLANG_WARN_SUSPICIOUS_MOVE = YES;
				CLANG_WARN_UNGUARDED_AVAILABILITY = YES_AGGRESSIVE;
				CLANG_WARN_UNREACHABLE_CODE = YES;
				CLANG_WARN__DUPLICATE_METHOD_MATCH = YES;
				COPY_PHASE_STRIP = NO;
				DEBUG_INFORMATION_FORMAT = "dwarf-with-dsym";
				ENABLE_NS_ASSERTIONS = NO;
				ENABLE_STRICT_OBJC_MSGSEND = YES;
				GCC_C_LANGUAGE_STANDARD = gnu11;
				GCC_NO_COMMON_BLOCKS = YES;
				GCC_WARN_64_TO_32_BIT_CONVERSION = YES;
				GCC_WARN_ABOUT_RETURN_TYPE = YES_ERROR;
				GCC_WARN_UNDECLARED_SELECTOR = YES;
				GCC_WARN_UNINITIALIZED_AUTOS = YES_AGGRESSIVE;
				GCC_WARN_UNUSED_FUNCTION = YES;
				GCC_WARN_UNUSED_VARIABLE = YES;
				IPHONEOS_DEPLOYMENT_TARGET = 16.0;
				MTL_ENABLE_DEBUG_INFO = NO;
				MTL_FAST_MATH = YES;
				SDKROOT = iphoneos;
				SWIFT_COMPILATION_MODE = wholemodule;
				SWIFT_OPTIMIZATION_LEVEL = "-O";
				VALIDATE_PRODUCT = YES;
			};
			name = Release;
		};
		CF46D3F828ECD0050052C018 /* Debug */ = {
			isa = XCBuildConfiguration;
			buildSettings = {
				ASSETCATALOG_COMPILER_APPICON_NAME = AppIcon;
				ASSETCATALOG_COMPILER_GLOBAL_ACCENT_COLOR_NAME = AccentColor;
				CODE_SIGN_STYLE = Automatic;
				CURRENT_PROJECT_VERSION = 1;
				DEVELOPMENT_ASSET_PATHS = "\"Nilo/Preview Content\"";
				DEVELOPMENT_TEAM = 5Y8ZK9WBN9;
				ENABLE_PREVIEWS = YES;
				GENERATE_INFOPLIST_FILE = YES;
				INFOPLIST_KEY_UIApplicationSceneManifest_Generation = YES;
				INFOPLIST_KEY_UIApplicationSupportsIndirectInputEvents = YES;
				INFOPLIST_KEY_UILaunchScreen_Generation = YES;
				INFOPLIST_KEY_UISupportedInterfaceOrientations_iPad = "UIInterfaceOrientationPortrait UIInterfaceOrientationPortraitUpsideDown UIInterfaceOrientationLandscapeLeft UIInterfaceOrientationLandscapeRight";
				INFOPLIST_KEY_UISupportedInterfaceOrientations_iPhone = "UIInterfaceOrientationPortrait UIInterfaceOrientationLandscapeLeft UIInterfaceOrientationLandscapeRight";
				LD_RUNPATH_SEARCH_PATHS = (
					"$(inherited)",
					"@executable_path/Frameworks",
				);
				MARKETING_VERSION = 1.0;
				PRODUCT_BUNDLE_IDENTIFIER = JoaoPedroMaia.NiloX;
				PRODUCT_NAME = "$(TARGET_NAME)";
				SWIFT_EMIT_LOC_STRINGS = YES;
				SWIFT_VERSION = 5.0;
				TARGETED_DEVICE_FAMILY = "1,2";
			};
			name = Debug;
		};
		CF46D3F928ECD0050052C018 /* Release */ = {
			isa = XCBuildConfiguration;
			buildSettings = {
				ASSETCATALOG_COMPILER_APPICON_NAME = AppIcon;
				ASSETCATALOG_COMPILER_GLOBAL_ACCENT_COLOR_NAME = AccentColor;
				CODE_SIGN_STYLE = Automatic;
				CURRENT_PROJECT_VERSION = 1;
				DEVELOPMENT_ASSET_PATHS = "\"Nilo/Preview Content\"";
				DEVELOPMENT_TEAM = 5Y8ZK9WBN9;
				ENABLE_PREVIEWS = YES;
				GENERATE_INFOPLIST_FILE = YES;
				INFOPLIST_KEY_UIApplicationSceneManifest_Generation = YES;
				INFOPLIST_KEY_UIApplicationSupportsIndirectInputEvents = YES;
				INFOPLIST_KEY_UILaunchScreen_Generation = YES;
				INFOPLIST_KEY_UISupportedInterfaceOrientations_iPad = "UIInterfaceOrientationPortrait UIInterfaceOrientationPortraitUpsideDown UIInterfaceOrientationLandscapeLeft UIInterfaceOrientationLandscapeRight";
				INFOPLIST_KEY_UISupportedInterfaceOrientations_iPhone = "UIInterfaceOrientationPortrait UIInterfaceOrientationLandscapeLeft UIInterfaceOrientationLandscapeRight";
				LD_RUNPATH_SEARCH_PATHS = (
					"$(inherited)",
					"@executable_path/Frameworks",
				);
				MARKETING_VERSION = 1.0;
				PRODUCT_BUNDLE_IDENTIFIER = JoaoPedroMaia.Nilo;
				PRODUCT_NAME = "$(TARGET_NAME)";
				SWIFT_EMIT_LOC_STRINGS = YES;
				SWIFT_VERSION = 5.0;
				TARGETED_DEVICE_FAMILY = "1,2";
			};
			name = Release;
		};
/* End XCBuildConfiguration section */

/* Begin XCConfigurationList section */
		CF46D3E428ECD0040052C018 /* Build configuration list for PBXProject "Nilo" */ = {
			isa = XCConfigurationList;
			buildConfigurations = (
				CF46D3F528ECD0050052C018 /* Debug */,
				CF46D3F628ECD0050052C018 /* Release */,
			);
			defaultConfigurationIsVisible = 0;
			defaultConfigurationName = Release;
		};
		CF46D3F728ECD0050052C018 /* Build configuration list for PBXNativeTarget "Nilo" */ = {
			isa = XCConfigurationList;
			buildConfigurations = (
				CF46D3F828ECD0050052C018 /* Debug */,
				CF46D3F928ECD0050052C018 /* Release */,
			);
			defaultConfigurationIsVisible = 0;
			defaultConfigurationName = Release;
		};
/* End XCConfigurationList section */

/* Begin XCRemoteSwiftPackageReference section */
		CFEA98E928F114D50058F16F /* XCRemoteSwiftPackageReference "CodableExtensions" */ = {
			isa = XCRemoteSwiftPackageReference;
			repositoryURL = "https://github.com/rvenieris/CodableExtensions";
			requirement = {
				kind = upToNextMajorVersion;
				minimumVersion = 1.0.0;
			};
		};
/* End XCRemoteSwiftPackageReference section */

/* Begin XCSwiftPackageProductDependency section */
		CFEA98EA28F114D50058F16F /* CodableExtensions */ = {
			isa = XCSwiftPackageProductDependency;
			package = CFEA98E928F114D50058F16F /* XCRemoteSwiftPackageReference "CodableExtensions" */;
			productName = CodableExtensions;
		};
/* End XCSwiftPackageProductDependency section */
	};
	rootObject = CF46D3E128ECD0040052C018 /* Project object */;
}
