// !$*UTF8*$!
{
	archiveVersion = 1;
	classes = {
	};
	objectVersion = 56;
	objects = {

/* Begin PBXBuildFile section */
		AD16386E29061B7A0022713F /* ButtonsView.swift in Sources */ = {isa = PBXBuildFile; fileRef = AD16386D29061B7A0022713F /* ButtonsView.swift */; };
		AD1F1168290B1020004D9266 /* ImageResultModifier.swift in Sources */ = {isa = PBXBuildFile; fileRef = AD1F1167290B1020004D9266 /* ImageResultModifier.swift */; };
		AD347B812909763900D16D45 /* (null) in Sources */ = {isa = PBXBuildFile; };
		AD6F91B728EE221300195F12 /* ReplicateAPIPostModelPrediction.swift in Sources */ = {isa = PBXBuildFile; fileRef = AD6F91B628EE221300195F12 /* ReplicateAPIPostModelPrediction.swift */; };
		AD7105DF290AB4BA00D6D9B0 /* Poppins-ExtraLightItalic.ttf in Resources */ = {isa = PBXBuildFile; fileRef = AD7105CC290AB4B900D6D9B0 /* Poppins-ExtraLightItalic.ttf */; };
		AD7105E0290AB4BA00D6D9B0 /* Poppins-LightItalic.ttf in Resources */ = {isa = PBXBuildFile; fileRef = AD7105CD290AB4B900D6D9B0 /* Poppins-LightItalic.ttf */; };
		AD7105E1290AB4BA00D6D9B0 /* Poppins-Regular.ttf in Resources */ = {isa = PBXBuildFile; fileRef = AD7105CE290AB4B900D6D9B0 /* Poppins-Regular.ttf */; };
		AD7105E2290AB4BB00D6D9B0 /* Poppins-Thin.ttf in Resources */ = {isa = PBXBuildFile; fileRef = AD7105CF290AB4B900D6D9B0 /* Poppins-Thin.ttf */; };
		AD7105E3290AB4BB00D6D9B0 /* Poppins-Bold.ttf in Resources */ = {isa = PBXBuildFile; fileRef = AD7105D0290AB4B900D6D9B0 /* Poppins-Bold.ttf */; };
		AD7105E4290AB4BB00D6D9B0 /* Poppins-Black.ttf in Resources */ = {isa = PBXBuildFile; fileRef = AD7105D1290AB4B900D6D9B0 /* Poppins-Black.ttf */; };
		AD7105E5290AB4BB00D6D9B0 /* Poppins-Light.ttf in Resources */ = {isa = PBXBuildFile; fileRef = AD7105D2290AB4B900D6D9B0 /* Poppins-Light.ttf */; };
		AD7105E6290AB4BB00D6D9B0 /* Poppins-SemiBoldItalic.ttf in Resources */ = {isa = PBXBuildFile; fileRef = AD7105D3290AB4B900D6D9B0 /* Poppins-SemiBoldItalic.ttf */; };
		AD7105E7290AB4BB00D6D9B0 /* Poppins-ThinItalic.ttf in Resources */ = {isa = PBXBuildFile; fileRef = AD7105D4290AB4B900D6D9B0 /* Poppins-ThinItalic.ttf */; };
		AD7105E8290AB4BB00D6D9B0 /* Poppins-BoldItalic.ttf in Resources */ = {isa = PBXBuildFile; fileRef = AD7105D5290AB4BA00D6D9B0 /* Poppins-BoldItalic.ttf */; };
		AD7105E9290AB4BB00D6D9B0 /* Poppins-ExtraLight.ttf in Resources */ = {isa = PBXBuildFile; fileRef = AD7105D6290AB4BA00D6D9B0 /* Poppins-ExtraLight.ttf */; };
		AD7105EA290AB4BB00D6D9B0 /* Poppins-MediumItalic.ttf in Resources */ = {isa = PBXBuildFile; fileRef = AD7105D7290AB4BA00D6D9B0 /* Poppins-MediumItalic.ttf */; };
		AD7105EB290AB4BB00D6D9B0 /* Poppins-ExtraBold.ttf in Resources */ = {isa = PBXBuildFile; fileRef = AD7105D8290AB4BA00D6D9B0 /* Poppins-ExtraBold.ttf */; };
		AD7105EC290AB4BB00D6D9B0 /* Poppins-BlackItalic.ttf in Resources */ = {isa = PBXBuildFile; fileRef = AD7105D9290AB4BA00D6D9B0 /* Poppins-BlackItalic.ttf */; };
		AD7105ED290AB4BB00D6D9B0 /* Poppins-Italic.ttf in Resources */ = {isa = PBXBuildFile; fileRef = AD7105DA290AB4BA00D6D9B0 /* Poppins-Italic.ttf */; };
		AD7105EE290AB4BB00D6D9B0 /* Poppins-SemiBold.ttf in Resources */ = {isa = PBXBuildFile; fileRef = AD7105DB290AB4BA00D6D9B0 /* Poppins-SemiBold.ttf */; };
		AD7105F0290AB4BB00D6D9B0 /* Poppins-ExtraBoldItalic.ttf in Resources */ = {isa = PBXBuildFile; fileRef = AD7105DD290AB4BA00D6D9B0 /* Poppins-ExtraBoldItalic.ttf */; };
		AD7105F1290AB4BB00D6D9B0 /* Poppins-Medium.ttf in Resources */ = {isa = PBXBuildFile; fileRef = AD7105DE290AB4BA00D6D9B0 /* Poppins-Medium.ttf */; };
		AD9E8B2A29032BBD00259CF1 /* ResultadoView.swift in Sources */ = {isa = PBXBuildFile; fileRef = AD9E8B2929032BBD00259CF1 /* ResultadoView.swift */; };
		ADBD423628EF4C0200E0C8CF /* UIImage_Extention.swift in Sources */ = {isa = PBXBuildFile; fileRef = ADBD423528EF4C0200E0C8CF /* UIImage_Extention.swift */; };
		ADC14C2628ECD5C300065D97 /* ReplicateAPI.swift in Sources */ = {isa = PBXBuildFile; fileRef = ADC14C2528ECD5C300065D97 /* ReplicateAPI.swift */; };
		ADC14C2A28ECDF9100065D97 /* ReplicateAPIGetModelResponse.swift in Sources */ = {isa = PBXBuildFile; fileRef = ADC14C2928ECDF9100065D97 /* ReplicateAPIGetModelResponse.swift */; };
		CF0D8D9E2907184F0075A715 /* MenuItemView.swift in Sources */ = {isa = PBXBuildFile; fileRef = CF0D8D9D2907184F0075A715 /* MenuItemView.swift */; };
		CF0D8DA1290718B90075A715 /* MotionManager.swift in Sources */ = {isa = PBXBuildFile; fileRef = CF0D8DA0290718B90075A715 /* MotionManager.swift */; };
		CF0FB08C28EF5AE00009C275 /* ColorizeML.swift in Sources */ = {isa = PBXBuildFile; fileRef = CF0FB08B28EF5AE00009C275 /* ColorizeML.swift */; };
		CF0FB10B28EF69FE0009C275 /* UIViewController+Utils.swift in Sources */ = {isa = PBXBuildFile; fileRef = CF0FB10528EF69FD0009C275 /* UIViewController+Utils.swift */; };
		CF0FB10C28EF69FE0009C275 /* UIImage+Utils.swift in Sources */ = {isa = PBXBuildFile; fileRef = CF0FB10728EF69FD0009C275 /* UIImage+Utils.swift */; };
		CF0FB10D28EF69FE0009C275 /* DispatchQueue+Utils.swift in Sources */ = {isa = PBXBuildFile; fileRef = CF0FB10828EF69FD0009C275 /* DispatchQueue+Utils.swift */; };
		CF0FB10E28EF69FE0009C275 /* UIImage+Lab.mm in Sources */ = {isa = PBXBuildFile; fileRef = CF0FB10928EF69FD0009C275 /* UIImage+Lab.mm */; };
		CF0FB11228EF6A7D0009C275 /* Nilo-Bridging-Header.h in Sources */ = {isa = PBXBuildFile; fileRef = CF0FB10428EF69FD0009C275 /* Nilo-Bridging-Header.h */; };
		CF0FB13628EF6AD40009C275 /* cmsnamed.c in Sources */ = {isa = PBXBuildFile; fileRef = CF0FB11428EF6AD10009C275 /* cmsnamed.c */; };
		CF0FB13728EF6AD40009C275 /* cmsio0.c in Sources */ = {isa = PBXBuildFile; fileRef = CF0FB11528EF6AD10009C275 /* cmsio0.c */; };
		CF0FB13828EF6AD40009C275 /* cmscam02.c in Sources */ = {isa = PBXBuildFile; fileRef = CF0FB11628EF6AD20009C275 /* cmscam02.c */; };
		CF0FB13928EF6AD40009C275 /* sRGB_v4_ICC_preference.icc in Resources */ = {isa = PBXBuildFile; fileRef = CF0FB11728EF6AD20009C275 /* sRGB_v4_ICC_preference.icc */; };
		CF0FB13A28EF6AD40009C275 /* Makefile.am in Resources */ = {isa = PBXBuildFile; fileRef = CF0FB11828EF6AD20009C275 /* Makefile.am */; };
		CF0FB13B28EF6AD40009C275 /* cmsps2.c in Sources */ = {isa = PBXBuildFile; fileRef = CF0FB11928EF6AD20009C275 /* cmsps2.c */; };
		CF0FB13C28EF6AD40009C275 /* cmswtpnt.c in Sources */ = {isa = PBXBuildFile; fileRef = CF0FB11A28EF6AD20009C275 /* cmswtpnt.c */; };
		CF0FB13D28EF6AD40009C275 /* cmshalf.c in Sources */ = {isa = PBXBuildFile; fileRef = CF0FB11B28EF6AD20009C275 /* cmshalf.c */; };
		CF0FB13E28EF6AD40009C275 /* cmsgamma.c in Sources */ = {isa = PBXBuildFile; fileRef = CF0FB11C28EF6AD20009C275 /* cmsgamma.c */; };
		CF0FB13F28EF6AD40009C275 /* cmsopt.c in Sources */ = {isa = PBXBuildFile; fileRef = CF0FB11D28EF6AD20009C275 /* cmsopt.c */; };
		CF0FB14028EF6AD40009C275 /* cmsintrp.c in Sources */ = {isa = PBXBuildFile; fileRef = CF0FB11E28EF6AD20009C275 /* cmsintrp.c */; };
		CF0FB14128EF6AD40009C275 /* cmsxform.c in Sources */ = {isa = PBXBuildFile; fileRef = CF0FB11F28EF6AD20009C275 /* cmsxform.c */; };
		CF0FB14228EF6AD40009C275 /* cmsio1.c in Sources */ = {isa = PBXBuildFile; fileRef = CF0FB12328EF6AD20009C275 /* cmsio1.c */; };
		CF0FB14328EF6AD40009C275 /* cmsmd5.c in Sources */ = {isa = PBXBuildFile; fileRef = CF0FB12428EF6AD20009C275 /* cmsmd5.c */; };
		CF0FB14428EF6AD40009C275 /* cmsmtrx.c in Sources */ = {isa = PBXBuildFile; fileRef = CF0FB12528EF6AD30009C275 /* cmsmtrx.c */; };
		CF0FB14528EF6AD40009C275 /* lcms2.def in Resources */ = {isa = PBXBuildFile; fileRef = CF0FB12628EF6AD30009C275 /* lcms2.def */; };
		CF0FB14628EF6AD40009C275 /* cmspcs.c in Sources */ = {isa = PBXBuildFile; fileRef = CF0FB12728EF6AD30009C275 /* cmspcs.c */; };
		CF0FB14728EF6AD40009C275 /* Makefile.in in Resources */ = {isa = PBXBuildFile; fileRef = CF0FB12828EF6AD30009C275 /* Makefile.in */; };
		CF0FB14828EF6AD40009C275 /* cmssm.c in Sources */ = {isa = PBXBuildFile; fileRef = CF0FB12928EF6AD30009C275 /* cmssm.c */; };
		CF0FB14928EF6AD40009C275 /* cmsalpha.c in Sources */ = {isa = PBXBuildFile; fileRef = CF0FB12A28EF6AD30009C275 /* cmsalpha.c */; };
		CF0FB14A28EF6AD40009C275 /* cmsplugin.c in Sources */ = {isa = PBXBuildFile; fileRef = CF0FB12B28EF6AD30009C275 /* cmsplugin.c */; };
		CF0FB14B28EF6AD40009C275 /* cmserr.c in Sources */ = {isa = PBXBuildFile; fileRef = CF0FB12C28EF6AD30009C275 /* cmserr.c */; };
		CF0FB14C28EF6AD40009C275 /* cmscgats.c in Sources */ = {isa = PBXBuildFile; fileRef = CF0FB12D28EF6AD30009C275 /* cmscgats.c */; };
		CF0FB14D28EF6AD40009C275 /* cmsvirt.c in Sources */ = {isa = PBXBuildFile; fileRef = CF0FB12E28EF6AD30009C275 /* cmsvirt.c */; };
		CF0FB14E28EF6AD40009C275 /* cmstypes.c in Sources */ = {isa = PBXBuildFile; fileRef = CF0FB12F28EF6AD30009C275 /* cmstypes.c */; };
		CF0FB14F28EF6AD40009C275 /* cmslut.c in Sources */ = {isa = PBXBuildFile; fileRef = CF0FB13028EF6AD30009C275 /* cmslut.c */; };
		CF0FB15028EF6AD40009C275 /* cmssamp.c in Sources */ = {isa = PBXBuildFile; fileRef = CF0FB13128EF6AD30009C275 /* cmssamp.c */; };
		CF0FB15128EF6AD40009C275 /* sRGB_ICC_v4_Appearance.icc in Resources */ = {isa = PBXBuildFile; fileRef = CF0FB13228EF6AD40009C275 /* sRGB_ICC_v4_Appearance.icc */; };
		CF0FB15228EF6AD40009C275 /* cmscnvrt.c in Sources */ = {isa = PBXBuildFile; fileRef = CF0FB13328EF6AD40009C275 /* cmscnvrt.c */; };
		CF0FB15328EF6AD40009C275 /* cmspack.c in Sources */ = {isa = PBXBuildFile; fileRef = CF0FB13428EF6AD40009C275 /* cmspack.c */; };
		CF0FB15428EF6AD40009C275 /* cmsgmt.c in Sources */ = {isa = PBXBuildFile; fileRef = CF0FB13528EF6AD40009C275 /* cmsgmt.c */; };
		CF27AF432910C40600DF0353 /* NiloMLError.swift in Sources */ = {isa = PBXBuildFile; fileRef = CFA87A5C290A1E0A0019E802 /* NiloMLError.swift */; };
		CF27AF462910D72800DF0353 /* DeepFakeModalView.swift in Sources */ = {isa = PBXBuildFile; fileRef = CF27AF452910D72800DF0353 /* DeepFakeModalView.swift */; };
		CF2BFC3E291059DF00B489F3 /* PreProcessamentoView.swift in Sources */ = {isa = PBXBuildFile; fileRef = CF2BFC3D291059DF00B489F3 /* PreProcessamentoView.swift */; };
		CF2BFC4429107E6F00B489F3 /* ProcessandoView.swift in Sources */ = {isa = PBXBuildFile; fileRef = CF2BFC4329107E6F00B489F3 /* ProcessandoView.swift */; };
		CF2BFC462910A5E600B489F3 /* BtnProcessarView.swift in Sources */ = {isa = PBXBuildFile; fileRef = CF2BFC452910A5E600B489F3 /* BtnProcessarView.swift */; };
		CF2BFC482910AA8D00B489F3 /* BtnContinuarResultadoView.swift in Sources */ = {isa = PBXBuildFile; fileRef = CF2BFC472910AA8D00B489F3 /* BtnContinuarResultadoView.swift */; };
		CF46D3ED28ECD0040052C018 /* NiloApp.swift in Sources */ = {isa = PBXBuildFile; fileRef = CF46D3EC28ECD0040052C018 /* NiloApp.swift */; };
		CF46D3EF28ECD0040052C018 /* ContentView.swift in Sources */ = {isa = PBXBuildFile; fileRef = CF46D3EE28ECD0040052C018 /* ContentView.swift */; };
		CF46D3F128ECD0050052C018 /* Assets.xcassets in Resources */ = {isa = PBXBuildFile; fileRef = CF46D3F028ECD0050052C018 /* Assets.xcassets */; };
		CF46D3F428ECD0050052C018 /* Preview Assets.xcassets in Resources */ = {isa = PBXBuildFile; fileRef = CF46D3F328ECD0050052C018 /* Preview Assets.xcassets */; };
		CF46D40028ECD1CC0052C018 /* ContentViewExtension.swift in Sources */ = {isa = PBXBuildFile; fileRef = CF46D3FF28ECD1CC0052C018 /* ContentViewExtension.swift */; };
		CF52E58A28F0A8910074326F /* ReplicateAPIModelsEnum.swift in Sources */ = {isa = PBXBuildFile; fileRef = CF52E58928F0A8910074326F /* ReplicateAPIModelsEnum.swift */; };
		CF52E58C28F0ACDA0074326F /* ReplicateAPIInput.swift in Sources */ = {isa = PBXBuildFile; fileRef = CF52E58B28F0ACDA0074326F /* ReplicateAPIInput.swift */; };
		CF52E58E28F0B64C0074326F /* ReplicateAPIErro.swift in Sources */ = {isa = PBXBuildFile; fileRef = CF52E58D28F0B64C0074326F /* ReplicateAPIErro.swift */; };
		CF52E59028F0BEB50074326F /* ReplicateAPIPredictionInfo.swift in Sources */ = {isa = PBXBuildFile; fileRef = CF52E58F28F0BEB50074326F /* ReplicateAPIPredictionInfo.swift */; };
		CF77F8D628EFBD9A00C1BBD2 /* test_colorizeML.swift in Sources */ = {isa = PBXBuildFile; fileRef = CF77F8D528EFBD9A00C1BBD2 /* test_colorizeML.swift */; };
		CF8280292914480500608F1A /* PreProcessamentoVideoView.swift in Sources */ = {isa = PBXBuildFile; fileRef = CF8280282914480500608F1A /* PreProcessamentoVideoView.swift */; };
		CF82802B29144B6800608F1A /* CarregandoVideoView.swift in Sources */ = {isa = PBXBuildFile; fileRef = CF82802A29144B6800608F1A /* CarregandoVideoView.swift */; };
		CF82802F29144C9100608F1A /* ProcessandoVideoView.swift in Sources */ = {isa = PBXBuildFile; fileRef = CF82802E29144C9100608F1A /* ProcessandoVideoView.swift */; };
		CF82803129144FAA00608F1A /* ResultadoVideoView.swift in Sources */ = {isa = PBXBuildFile; fileRef = CF82803029144FAA00608F1A /* ResultadoVideoView.swift */; };
		CF86A67428F5E51B009B6DE3 /* BasetenAPI.swift in Sources */ = {isa = PBXBuildFile; fileRef = CF86A67328F5E51B009B6DE3 /* BasetenAPI.swift */; };
		CF86A67728F5E5FA009B6DE3 /* BasetenAPIInput.swift in Sources */ = {isa = PBXBuildFile; fileRef = CF86A67628F5E5FA009B6DE3 /* BasetenAPIInput.swift */; };
		CF86A67928F5E6F3009B6DE3 /* BasetenAPIModelEnum.swift in Sources */ = {isa = PBXBuildFile; fileRef = CF86A67828F5E6F3009B6DE3 /* BasetenAPIModelEnum.swift */; };
		CF9072CE29119C5A003B8B62 /* coremlColorizer.mlmodel in Sources */ = {isa = PBXBuildFile; fileRef = CF9072CD29119C5A003B8B62 /* coremlColorizer.mlmodel */; };
		CFA274032908F9CF00A8C6D9 /* MenuView.swift in Sources */ = {isa = PBXBuildFile; fileRef = CFA274022908F9CF00A8C6D9 /* MenuView.swift */; };
		CFA87A5A290A19200019E802 /* NiloMLAPI.swift in Sources */ = {isa = PBXBuildFile; fileRef = CFA87A59290A19200019E802 /* NiloMLAPI.swift */; };
		CFA87A5F290A1FE10019E802 /* NiloMLTestView.swift in Sources */ = {isa = PBXBuildFile; fileRef = CFA87A5E290A1FE10019E802 /* NiloMLTestView.swift */; };
		CFA87A62290A22E50019E802 /* UniqeArray.swift in Sources */ = {isa = PBXBuildFile; fileRef = CFA87A61290A22E50019E802 /* UniqeArray.swift */; };
		CFA87A64290A30E60019E802 /* TemporaryMediaFile.swift in Sources */ = {isa = PBXBuildFile; fileRef = CFA87A63290A30E60019E802 /* TemporaryMediaFile.swift */; };
		CFC203FF29080BF40012D790 /* MenuTitleView.swift in Sources */ = {isa = PBXBuildFile; fileRef = CFC203FE29080BF40012D790 /* MenuTitleView.swift */; };
		CFC2040129081FD30012D790 /* Launch Screen.storyboard in Resources */ = {isa = PBXBuildFile; fileRef = CFC2040029081FD30012D790 /* Launch Screen.storyboard */; };
		CFC2043229086CA90012D790 /* ShakeShake.swift in Sources */ = {isa = PBXBuildFile; fileRef = CFC2043129086CA90012D790 /* ShakeShake.swift */; };
		CFC204362908E9370012D790 /* TutorialView.swift in Sources */ = {isa = PBXBuildFile; fileRef = CFC204352908E9370012D790 /* TutorialView.swift */; };
		CFC204382908F0630012D790 /* TutorialBVView.swift in Sources */ = {isa = PBXBuildFile; fileRef = CFC204372908F0630012D790 /* TutorialBVView.swift */; };
		CFE1570328F71A4000502EB1 /* ImageKitAPI.swift in Sources */ = {isa = PBXBuildFile; fileRef = CFE1570228F71A4000502EB1 /* ImageKitAPI.swift */; };
		CFE1570628F747FC00502EB1 /* ImageKitAPIUploadResponse.swift in Sources */ = {isa = PBXBuildFile; fileRef = CFE1570528F747FC00502EB1 /* ImageKitAPIUploadResponse.swift */; };
		CFE1570828F752D000502EB1 /* BasetenAPIGFPGANResponse.swift in Sources */ = {isa = PBXBuildFile; fileRef = CFE1570728F752D000502EB1 /* BasetenAPIGFPGANResponse.swift */; };
		CFE1570A28F7593800502EB1 /* BasetenError.swift in Sources */ = {isa = PBXBuildFile; fileRef = CFE1570928F7593800502EB1 /* BasetenError.swift */; };
		CFE30D722908FC9B00BBE93E /* TutorialMenuView.swift in Sources */ = {isa = PBXBuildFile; fileRef = CFE30D712908FC9B00BBE93E /* TutorialMenuView.swift */; };
		CFE30D742908FED500BBE93E /* TutoriaLotusView.swift in Sources */ = {isa = PBXBuildFile; fileRef = CFE30D732908FED500BBE93E /* TutoriaLotusView.swift */; };
		CFE30D762908FFC400BBE93E /* SliderView.swift in Sources */ = {isa = PBXBuildFile; fileRef = CFE30D752908FFC400BBE93E /* SliderView.swift */; };
		CFE30D782909041E00BBE93E /* TutorialLiriosView.swift in Sources */ = {isa = PBXBuildFile; fileRef = CFE30D772909041E00BBE93E /* TutorialLiriosView.swift */; };
		CFE30D7A2909069800BBE93E /* NiloTutorialFinalView.swift in Sources */ = {isa = PBXBuildFile; fileRef = CFE30D792909069800BBE93E /* NiloTutorialFinalView.swift */; };
		CFEA98E328F108A10058F16F /* ReplicateAPIMakePredictionResponse.swift in Sources */ = {isa = PBXBuildFile; fileRef = CFEA98E228F108A00058F16F /* ReplicateAPIMakePredictionResponse.swift */; };
		CFEA98E828F1114F0058F16F /* ReplicateAPIBuffer.swift in Sources */ = {isa = PBXBuildFile; fileRef = CFEA98E728F1114F0058F16F /* ReplicateAPIBuffer.swift */; };
		CFEA98EB28F114D50058F16F /* CodableExtensions in Frameworks */ = {isa = PBXBuildFile; productRef = CFEA98EA28F114D50058F16F /* CodableExtensions */; };
		CFEA98ED28F120040058F16F /* test_replicateView.swift in Sources */ = {isa = PBXBuildFile; fileRef = CFEA98EC28F120040058F16F /* test_replicateView.swift */; };
		EC37685D2901F07B00FA802D /* CarregandoView.swift in Sources */ = {isa = PBXBuildFile; fileRef = EC37685C2901F07B00FA802D /* CarregandoView.swift */; };
		EC37685F2908645500FA802D /* LoadingSpinnerView.swift in Sources */ = {isa = PBXBuildFile; fileRef = EC37685E2908645500FA802D /* LoadingSpinnerView.swift */; };
		EC6032CE28EE063F00646F4C /* CameraView.swift in Sources */ = {isa = PBXBuildFile; fileRef = EC6032CD28EE063F00646F4C /* CameraView.swift */; };
		EC6032D228EE252700646F4C /* Cores.swift in Sources */ = {isa = PBXBuildFile; fileRef = EC6032D128EE252700646F4C /* Cores.swift */; };
		EC92E400290B0856007ECAA4 /* APIProtocol.swift in Sources */ = {isa = PBXBuildFile; fileRef = EC92E3FF290B0856007ECAA4 /* APIProtocol.swift */; };
		ECC15BE22909CCF300304C65 /* ImageDetailView.swift in Sources */ = {isa = PBXBuildFile; fileRef = ECC15BE12909CCF300304C65 /* ImageDetailView.swift */; };
		ECF4ED5428F9919B0018965B /* TelaUpload.swift in Sources */ = {isa = PBXBuildFile; fileRef = ECF4ED5328F9919B0018965B /* TelaUpload.swift */; };
		ECF4ED5628F9A0B00018965B /* ImagePicker.swift in Sources */ = {isa = PBXBuildFile; fileRef = ECF4ED5528F9A0B00018965B /* ImagePicker.swift */; };
/* End PBXBuildFile section */

/* Begin PBXFileReference section */
		AD16386D29061B7A0022713F /* ButtonsView.swift */ = {isa = PBXFileReference; lastKnownFileType = sourcecode.swift; path = ButtonsView.swift; sourceTree = "<group>"; };
		AD1F1167290B1020004D9266 /* ImageResultModifier.swift */ = {isa = PBXFileReference; lastKnownFileType = sourcecode.swift; path = ImageResultModifier.swift; sourceTree = "<group>"; };
		AD6F91B628EE221300195F12 /* ReplicateAPIPostModelPrediction.swift */ = {isa = PBXFileReference; lastKnownFileType = sourcecode.swift; path = ReplicateAPIPostModelPrediction.swift; sourceTree = "<group>"; };
		AD7105CC290AB4B900D6D9B0 /* Poppins-ExtraLightItalic.ttf */ = {isa = PBXFileReference; lastKnownFileType = file; path = "Poppins-ExtraLightItalic.ttf"; sourceTree = "<group>"; };
		AD7105CD290AB4B900D6D9B0 /* Poppins-LightItalic.ttf */ = {isa = PBXFileReference; lastKnownFileType = file; path = "Poppins-LightItalic.ttf"; sourceTree = "<group>"; };
		AD7105CE290AB4B900D6D9B0 /* Poppins-Regular.ttf */ = {isa = PBXFileReference; lastKnownFileType = file; path = "Poppins-Regular.ttf"; sourceTree = "<group>"; };
		AD7105CF290AB4B900D6D9B0 /* Poppins-Thin.ttf */ = {isa = PBXFileReference; lastKnownFileType = file; path = "Poppins-Thin.ttf"; sourceTree = "<group>"; };
		AD7105D0290AB4B900D6D9B0 /* Poppins-Bold.ttf */ = {isa = PBXFileReference; lastKnownFileType = file; path = "Poppins-Bold.ttf"; sourceTree = "<group>"; };
		AD7105D1290AB4B900D6D9B0 /* Poppins-Black.ttf */ = {isa = PBXFileReference; lastKnownFileType = file; path = "Poppins-Black.ttf"; sourceTree = "<group>"; };
		AD7105D2290AB4B900D6D9B0 /* Poppins-Light.ttf */ = {isa = PBXFileReference; lastKnownFileType = file; path = "Poppins-Light.ttf"; sourceTree = "<group>"; };
		AD7105D3290AB4B900D6D9B0 /* Poppins-SemiBoldItalic.ttf */ = {isa = PBXFileReference; lastKnownFileType = file; path = "Poppins-SemiBoldItalic.ttf"; sourceTree = "<group>"; };
		AD7105D4290AB4B900D6D9B0 /* Poppins-ThinItalic.ttf */ = {isa = PBXFileReference; lastKnownFileType = file; path = "Poppins-ThinItalic.ttf"; sourceTree = "<group>"; };
		AD7105D5290AB4BA00D6D9B0 /* Poppins-BoldItalic.ttf */ = {isa = PBXFileReference; lastKnownFileType = file; path = "Poppins-BoldItalic.ttf"; sourceTree = "<group>"; };
		AD7105D6290AB4BA00D6D9B0 /* Poppins-ExtraLight.ttf */ = {isa = PBXFileReference; lastKnownFileType = file; path = "Poppins-ExtraLight.ttf"; sourceTree = "<group>"; };
		AD7105D7290AB4BA00D6D9B0 /* Poppins-MediumItalic.ttf */ = {isa = PBXFileReference; lastKnownFileType = file; path = "Poppins-MediumItalic.ttf"; sourceTree = "<group>"; };
		AD7105D8290AB4BA00D6D9B0 /* Poppins-ExtraBold.ttf */ = {isa = PBXFileReference; lastKnownFileType = file; path = "Poppins-ExtraBold.ttf"; sourceTree = "<group>"; };
		AD7105D9290AB4BA00D6D9B0 /* Poppins-BlackItalic.ttf */ = {isa = PBXFileReference; lastKnownFileType = file; path = "Poppins-BlackItalic.ttf"; sourceTree = "<group>"; };
		AD7105DA290AB4BA00D6D9B0 /* Poppins-Italic.ttf */ = {isa = PBXFileReference; lastKnownFileType = file; path = "Poppins-Italic.ttf"; sourceTree = "<group>"; };
		AD7105DB290AB4BA00D6D9B0 /* Poppins-SemiBold.ttf */ = {isa = PBXFileReference; lastKnownFileType = file; path = "Poppins-SemiBold.ttf"; sourceTree = "<group>"; };
		AD7105DD290AB4BA00D6D9B0 /* Poppins-ExtraBoldItalic.ttf */ = {isa = PBXFileReference; lastKnownFileType = file; path = "Poppins-ExtraBoldItalic.ttf"; sourceTree = "<group>"; };
		AD7105DE290AB4BA00D6D9B0 /* Poppins-Medium.ttf */ = {isa = PBXFileReference; lastKnownFileType = file; path = "Poppins-Medium.ttf"; sourceTree = "<group>"; };
		AD9E8B2929032BBD00259CF1 /* ResultadoView.swift */ = {isa = PBXFileReference; lastKnownFileType = sourcecode.swift; path = ResultadoView.swift; sourceTree = "<group>"; };
		ADBD423528EF4C0200E0C8CF /* UIImage_Extention.swift */ = {isa = PBXFileReference; lastKnownFileType = sourcecode.swift; path = UIImage_Extention.swift; sourceTree = "<group>"; };
		ADC14C2528ECD5C300065D97 /* ReplicateAPI.swift */ = {isa = PBXFileReference; lastKnownFileType = sourcecode.swift; path = ReplicateAPI.swift; sourceTree = "<group>"; };
		ADC14C2928ECDF9100065D97 /* ReplicateAPIGetModelResponse.swift */ = {isa = PBXFileReference; lastKnownFileType = sourcecode.swift; path = ReplicateAPIGetModelResponse.swift; sourceTree = "<group>"; };
		CF0D8D9D2907184F0075A715 /* MenuItemView.swift */ = {isa = PBXFileReference; lastKnownFileType = sourcecode.swift; path = MenuItemView.swift; sourceTree = "<group>"; };
		CF0D8DA0290718B90075A715 /* MotionManager.swift */ = {isa = PBXFileReference; fileEncoding = 4; lastKnownFileType = sourcecode.swift; path = MotionManager.swift; sourceTree = "<group>"; };
		CF0FB08B28EF5AE00009C275 /* ColorizeML.swift */ = {isa = PBXFileReference; lastKnownFileType = sourcecode.swift; path = ColorizeML.swift; sourceTree = "<group>"; };
		CF0FB10428EF69FD0009C275 /* Nilo-Bridging-Header.h */ = {isa = PBXFileReference; lastKnownFileType = sourcecode.c.h; path = "Nilo-Bridging-Header.h"; sourceTree = "<group>"; };
		CF0FB10528EF69FD0009C275 /* UIViewController+Utils.swift */ = {isa = PBXFileReference; fileEncoding = 4; lastKnownFileType = sourcecode.swift; path = "UIViewController+Utils.swift"; sourceTree = "<group>"; };
		CF0FB10628EF69FD0009C275 /* ImageColoriser-Bridging-Header.h */ = {isa = PBXFileReference; fileEncoding = 4; lastKnownFileType = sourcecode.c.h; path = "ImageColoriser-Bridging-Header.h"; sourceTree = "<group>"; };
		CF0FB10728EF69FD0009C275 /* UIImage+Utils.swift */ = {isa = PBXFileReference; fileEncoding = 4; lastKnownFileType = sourcecode.swift; path = "UIImage+Utils.swift"; sourceTree = "<group>"; };
		CF0FB10828EF69FD0009C275 /* DispatchQueue+Utils.swift */ = {isa = PBXFileReference; fileEncoding = 4; lastKnownFileType = sourcecode.swift; path = "DispatchQueue+Utils.swift"; sourceTree = "<group>"; };
		CF0FB10928EF69FD0009C275 /* UIImage+Lab.mm */ = {isa = PBXFileReference; fileEncoding = 4; lastKnownFileType = sourcecode.cpp.objcpp; path = "UIImage+Lab.mm"; sourceTree = "<group>"; };
		CF0FB10A28EF69FE0009C275 /* UIImage+Lab.h */ = {isa = PBXFileReference; fileEncoding = 4; lastKnownFileType = sourcecode.c.h; path = "UIImage+Lab.h"; sourceTree = "<group>"; };
		CF0FB11428EF6AD10009C275 /* cmsnamed.c */ = {isa = PBXFileReference; fileEncoding = 4; lastKnownFileType = sourcecode.c.c; path = cmsnamed.c; sourceTree = "<group>"; };
		CF0FB11528EF6AD10009C275 /* cmsio0.c */ = {isa = PBXFileReference; fileEncoding = 4; lastKnownFileType = sourcecode.c.c; path = cmsio0.c; sourceTree = "<group>"; };
		CF0FB11628EF6AD20009C275 /* cmscam02.c */ = {isa = PBXFileReference; fileEncoding = 4; lastKnownFileType = sourcecode.c.c; path = cmscam02.c; sourceTree = "<group>"; };
		CF0FB11728EF6AD20009C275 /* sRGB_v4_ICC_preference.icc */ = {isa = PBXFileReference; lastKnownFileType = file; path = sRGB_v4_ICC_preference.icc; sourceTree = "<group>"; };
		CF0FB11828EF6AD20009C275 /* Makefile.am */ = {isa = PBXFileReference; fileEncoding = 4; lastKnownFileType = text; path = Makefile.am; sourceTree = "<group>"; };
		CF0FB11928EF6AD20009C275 /* cmsps2.c */ = {isa = PBXFileReference; fileEncoding = 4; lastKnownFileType = sourcecode.c.c; path = cmsps2.c; sourceTree = "<group>"; };
		CF0FB11A28EF6AD20009C275 /* cmswtpnt.c */ = {isa = PBXFileReference; fileEncoding = 4; lastKnownFileType = sourcecode.c.c; path = cmswtpnt.c; sourceTree = "<group>"; };
		CF0FB11B28EF6AD20009C275 /* cmshalf.c */ = {isa = PBXFileReference; fileEncoding = 4; lastKnownFileType = sourcecode.c.c; path = cmshalf.c; sourceTree = "<group>"; };
		CF0FB11C28EF6AD20009C275 /* cmsgamma.c */ = {isa = PBXFileReference; fileEncoding = 4; lastKnownFileType = sourcecode.c.c; path = cmsgamma.c; sourceTree = "<group>"; };
		CF0FB11D28EF6AD20009C275 /* cmsopt.c */ = {isa = PBXFileReference; fileEncoding = 4; lastKnownFileType = sourcecode.c.c; path = cmsopt.c; sourceTree = "<group>"; };
		CF0FB11E28EF6AD20009C275 /* cmsintrp.c */ = {isa = PBXFileReference; fileEncoding = 4; lastKnownFileType = sourcecode.c.c; path = cmsintrp.c; sourceTree = "<group>"; };
		CF0FB11F28EF6AD20009C275 /* cmsxform.c */ = {isa = PBXFileReference; fileEncoding = 4; lastKnownFileType = sourcecode.c.c; path = cmsxform.c; sourceTree = "<group>"; };
		CF0FB12028EF6AD20009C275 /* lcms2_internal.h */ = {isa = PBXFileReference; fileEncoding = 4; lastKnownFileType = sourcecode.c.h; path = lcms2_internal.h; sourceTree = "<group>"; };
		CF0FB12128EF6AD20009C275 /* lcms2_plugin.h */ = {isa = PBXFileReference; fileEncoding = 4; lastKnownFileType = sourcecode.c.h; path = lcms2_plugin.h; sourceTree = "<group>"; };
		CF0FB12228EF6AD20009C275 /* lcms2.h */ = {isa = PBXFileReference; fileEncoding = 4; lastKnownFileType = sourcecode.c.h; path = lcms2.h; sourceTree = "<group>"; };
		CF0FB12328EF6AD20009C275 /* cmsio1.c */ = {isa = PBXFileReference; fileEncoding = 4; lastKnownFileType = sourcecode.c.c; path = cmsio1.c; sourceTree = "<group>"; };
		CF0FB12428EF6AD20009C275 /* cmsmd5.c */ = {isa = PBXFileReference; fileEncoding = 4; lastKnownFileType = sourcecode.c.c; path = cmsmd5.c; sourceTree = "<group>"; };
		CF0FB12528EF6AD30009C275 /* cmsmtrx.c */ = {isa = PBXFileReference; fileEncoding = 4; lastKnownFileType = sourcecode.c.c; path = cmsmtrx.c; sourceTree = "<group>"; };
		CF0FB12628EF6AD30009C275 /* lcms2.def */ = {isa = PBXFileReference; fileEncoding = 4; lastKnownFileType = text; path = lcms2.def; sourceTree = "<group>"; };
		CF0FB12728EF6AD30009C275 /* cmspcs.c */ = {isa = PBXFileReference; fileEncoding = 4; lastKnownFileType = sourcecode.c.c; path = cmspcs.c; sourceTree = "<group>"; };
		CF0FB12828EF6AD30009C275 /* Makefile.in */ = {isa = PBXFileReference; fileEncoding = 4; lastKnownFileType = text; path = Makefile.in; sourceTree = "<group>"; };
		CF0FB12928EF6AD30009C275 /* cmssm.c */ = {isa = PBXFileReference; fileEncoding = 4; lastKnownFileType = sourcecode.c.c; path = cmssm.c; sourceTree = "<group>"; };
		CF0FB12A28EF6AD30009C275 /* cmsalpha.c */ = {isa = PBXFileReference; fileEncoding = 4; lastKnownFileType = sourcecode.c.c; path = cmsalpha.c; sourceTree = "<group>"; };
		CF0FB12B28EF6AD30009C275 /* cmsplugin.c */ = {isa = PBXFileReference; fileEncoding = 4; lastKnownFileType = sourcecode.c.c; path = cmsplugin.c; sourceTree = "<group>"; };
		CF0FB12C28EF6AD30009C275 /* cmserr.c */ = {isa = PBXFileReference; fileEncoding = 4; lastKnownFileType = sourcecode.c.c; path = cmserr.c; sourceTree = "<group>"; };
		CF0FB12D28EF6AD30009C275 /* cmscgats.c */ = {isa = PBXFileReference; fileEncoding = 4; lastKnownFileType = sourcecode.c.c; path = cmscgats.c; sourceTree = "<group>"; };
		CF0FB12E28EF6AD30009C275 /* cmsvirt.c */ = {isa = PBXFileReference; fileEncoding = 4; lastKnownFileType = sourcecode.c.c; path = cmsvirt.c; sourceTree = "<group>"; };
		CF0FB12F28EF6AD30009C275 /* cmstypes.c */ = {isa = PBXFileReference; fileEncoding = 4; lastKnownFileType = sourcecode.c.c; path = cmstypes.c; sourceTree = "<group>"; };
		CF0FB13028EF6AD30009C275 /* cmslut.c */ = {isa = PBXFileReference; fileEncoding = 4; lastKnownFileType = sourcecode.c.c; path = cmslut.c; sourceTree = "<group>"; };
		CF0FB13128EF6AD30009C275 /* cmssamp.c */ = {isa = PBXFileReference; fileEncoding = 4; lastKnownFileType = sourcecode.c.c; path = cmssamp.c; sourceTree = "<group>"; };
		CF0FB13228EF6AD40009C275 /* sRGB_ICC_v4_Appearance.icc */ = {isa = PBXFileReference; lastKnownFileType = file; path = sRGB_ICC_v4_Appearance.icc; sourceTree = "<group>"; };
		CF0FB13328EF6AD40009C275 /* cmscnvrt.c */ = {isa = PBXFileReference; fileEncoding = 4; lastKnownFileType = sourcecode.c.c; path = cmscnvrt.c; sourceTree = "<group>"; };
		CF0FB13428EF6AD40009C275 /* cmspack.c */ = {isa = PBXFileReference; fileEncoding = 4; lastKnownFileType = sourcecode.c.c; path = cmspack.c; sourceTree = "<group>"; };
		CF0FB13528EF6AD40009C275 /* cmsgmt.c */ = {isa = PBXFileReference; fileEncoding = 4; lastKnownFileType = sourcecode.c.c; path = cmsgmt.c; sourceTree = "<group>"; };
		CF27AF452910D72800DF0353 /* DeepFakeModalView.swift */ = {isa = PBXFileReference; lastKnownFileType = sourcecode.swift; path = DeepFakeModalView.swift; sourceTree = "<group>"; };
		CF2BFC3D291059DF00B489F3 /* PreProcessamentoView.swift */ = {isa = PBXFileReference; lastKnownFileType = sourcecode.swift; path = PreProcessamentoView.swift; sourceTree = "<group>"; };
		CF2BFC4329107E6F00B489F3 /* ProcessandoView.swift */ = {isa = PBXFileReference; lastKnownFileType = sourcecode.swift; path = ProcessandoView.swift; sourceTree = "<group>"; };
		CF2BFC452910A5E600B489F3 /* BtnProcessarView.swift */ = {isa = PBXFileReference; lastKnownFileType = sourcecode.swift; path = BtnProcessarView.swift; sourceTree = "<group>"; };
		CF2BFC472910AA8D00B489F3 /* BtnContinuarResultadoView.swift */ = {isa = PBXFileReference; lastKnownFileType = sourcecode.swift; path = BtnContinuarResultadoView.swift; sourceTree = "<group>"; };
		CF46D3E928ECD0040052C018 /* Nilo.app */ = {isa = PBXFileReference; explicitFileType = wrapper.application; includeInIndex = 0; path = Nilo.app; sourceTree = BUILT_PRODUCTS_DIR; };
		CF46D3EC28ECD0040052C018 /* NiloApp.swift */ = {isa = PBXFileReference; lastKnownFileType = sourcecode.swift; path = NiloApp.swift; sourceTree = "<group>"; };
		CF46D3EE28ECD0040052C018 /* ContentView.swift */ = {isa = PBXFileReference; lastKnownFileType = sourcecode.swift; path = ContentView.swift; sourceTree = "<group>"; };
		CF46D3F028ECD0050052C018 /* Assets.xcassets */ = {isa = PBXFileReference; lastKnownFileType = folder.assetcatalog; path = Assets.xcassets; sourceTree = "<group>"; };
		CF46D3F328ECD0050052C018 /* Preview Assets.xcassets */ = {isa = PBXFileReference; lastKnownFileType = folder.assetcatalog; path = "Preview Assets.xcassets"; sourceTree = "<group>"; };
		CF46D3FF28ECD1CC0052C018 /* ContentViewExtension.swift */ = {isa = PBXFileReference; lastKnownFileType = sourcecode.swift; path = ContentViewExtension.swift; sourceTree = "<group>"; };
		CF52E58928F0A8910074326F /* ReplicateAPIModelsEnum.swift */ = {isa = PBXFileReference; lastKnownFileType = sourcecode.swift; path = ReplicateAPIModelsEnum.swift; sourceTree = "<group>"; };
		CF52E58B28F0ACDA0074326F /* ReplicateAPIInput.swift */ = {isa = PBXFileReference; lastKnownFileType = sourcecode.swift; path = ReplicateAPIInput.swift; sourceTree = "<group>"; };
		CF52E58D28F0B64C0074326F /* ReplicateAPIErro.swift */ = {isa = PBXFileReference; lastKnownFileType = sourcecode.swift; path = ReplicateAPIErro.swift; sourceTree = "<group>"; };
		CF52E58F28F0BEB50074326F /* ReplicateAPIPredictionInfo.swift */ = {isa = PBXFileReference; lastKnownFileType = sourcecode.swift; path = ReplicateAPIPredictionInfo.swift; sourceTree = "<group>"; };
		CF77F8D528EFBD9A00C1BBD2 /* test_colorizeML.swift */ = {isa = PBXFileReference; lastKnownFileType = sourcecode.swift; path = test_colorizeML.swift; sourceTree = "<group>"; };
		CF8280282914480500608F1A /* PreProcessamentoVideoView.swift */ = {isa = PBXFileReference; lastKnownFileType = sourcecode.swift; path = PreProcessamentoVideoView.swift; sourceTree = "<group>"; };
		CF82802A29144B6800608F1A /* CarregandoVideoView.swift */ = {isa = PBXFileReference; lastKnownFileType = sourcecode.swift; path = CarregandoVideoView.swift; sourceTree = "<group>"; };
		CF82802E29144C9100608F1A /* ProcessandoVideoView.swift */ = {isa = PBXFileReference; lastKnownFileType = sourcecode.swift; path = ProcessandoVideoView.swift; sourceTree = "<group>"; };
		CF82803029144FAA00608F1A /* ResultadoVideoView.swift */ = {isa = PBXFileReference; lastKnownFileType = sourcecode.swift; path = ResultadoVideoView.swift; sourceTree = "<group>"; };
		CF86A67328F5E51B009B6DE3 /* BasetenAPI.swift */ = {isa = PBXFileReference; lastKnownFileType = sourcecode.swift; path = BasetenAPI.swift; sourceTree = "<group>"; };
		CF86A67628F5E5FA009B6DE3 /* BasetenAPIInput.swift */ = {isa = PBXFileReference; lastKnownFileType = sourcecode.swift; path = BasetenAPIInput.swift; sourceTree = "<group>"; };
		CF86A67828F5E6F3009B6DE3 /* BasetenAPIModelEnum.swift */ = {isa = PBXFileReference; lastKnownFileType = sourcecode.swift; path = BasetenAPIModelEnum.swift; sourceTree = "<group>"; };
		CF9072CD29119C5A003B8B62 /* coremlColorizer.mlmodel */ = {isa = PBXFileReference; lastKnownFileType = file.mlmodel; path = coremlColorizer.mlmodel; sourceTree = "<group>"; };
		CFA274022908F9CF00A8C6D9 /* MenuView.swift */ = {isa = PBXFileReference; lastKnownFileType = sourcecode.swift; path = MenuView.swift; sourceTree = "<group>"; };
		CFA87A59290A19200019E802 /* NiloMLAPI.swift */ = {isa = PBXFileReference; lastKnownFileType = sourcecode.swift; path = NiloMLAPI.swift; sourceTree = "<group>"; };
		CFA87A5C290A1E0A0019E802 /* NiloMLError.swift */ = {isa = PBXFileReference; lastKnownFileType = sourcecode.swift; path = NiloMLError.swift; sourceTree = "<group>"; };
		CFA87A5E290A1FE10019E802 /* NiloMLTestView.swift */ = {isa = PBXFileReference; lastKnownFileType = sourcecode.swift; path = NiloMLTestView.swift; sourceTree = "<group>"; };
		CFA87A61290A22E50019E802 /* UniqeArray.swift */ = {isa = PBXFileReference; lastKnownFileType = sourcecode.swift; path = UniqeArray.swift; sourceTree = "<group>"; };
		CFA87A63290A30E60019E802 /* TemporaryMediaFile.swift */ = {isa = PBXFileReference; lastKnownFileType = sourcecode.swift; path = TemporaryMediaFile.swift; sourceTree = "<group>"; };
		CFC203FE29080BF40012D790 /* MenuTitleView.swift */ = {isa = PBXFileReference; lastKnownFileType = sourcecode.swift; path = MenuTitleView.swift; sourceTree = "<group>"; };
		CFC2040029081FD30012D790 /* Launch Screen.storyboard */ = {isa = PBXFileReference; lastKnownFileType = file.storyboard; path = "Launch Screen.storyboard"; sourceTree = "<group>"; };
		CFC2043029085DB90012D790 /* Info.plist */ = {isa = PBXFileReference; lastKnownFileType = text.plist; path = Info.plist; sourceTree = "<group>"; };
		CFC2043129086CA90012D790 /* ShakeShake.swift */ = {isa = PBXFileReference; lastKnownFileType = sourcecode.swift; path = ShakeShake.swift; sourceTree = "<group>"; };
		CFC204352908E9370012D790 /* TutorialView.swift */ = {isa = PBXFileReference; lastKnownFileType = sourcecode.swift; path = TutorialView.swift; sourceTree = "<group>"; };
		CFC204372908F0630012D790 /* TutorialBVView.swift */ = {isa = PBXFileReference; lastKnownFileType = sourcecode.swift; path = TutorialBVView.swift; sourceTree = "<group>"; };
		CFE1570228F71A4000502EB1 /* ImageKitAPI.swift */ = {isa = PBXFileReference; lastKnownFileType = sourcecode.swift; path = ImageKitAPI.swift; sourceTree = "<group>"; };
		CFE1570528F747FC00502EB1 /* ImageKitAPIUploadResponse.swift */ = {isa = PBXFileReference; lastKnownFileType = sourcecode.swift; path = ImageKitAPIUploadResponse.swift; sourceTree = "<group>"; };
		CFE1570728F752D000502EB1 /* BasetenAPIGFPGANResponse.swift */ = {isa = PBXFileReference; lastKnownFileType = sourcecode.swift; path = BasetenAPIGFPGANResponse.swift; sourceTree = "<group>"; };
		CFE1570928F7593800502EB1 /* BasetenError.swift */ = {isa = PBXFileReference; lastKnownFileType = sourcecode.swift; path = BasetenError.swift; sourceTree = "<group>"; };
		CFE30D712908FC9B00BBE93E /* TutorialMenuView.swift */ = {isa = PBXFileReference; lastKnownFileType = sourcecode.swift; path = TutorialMenuView.swift; sourceTree = "<group>"; };
		CFE30D732908FED500BBE93E /* TutoriaLotusView.swift */ = {isa = PBXFileReference; lastKnownFileType = sourcecode.swift; path = TutoriaLotusView.swift; sourceTree = "<group>"; };
		CFE30D752908FFC400BBE93E /* SliderView.swift */ = {isa = PBXFileReference; lastKnownFileType = sourcecode.swift; path = SliderView.swift; sourceTree = "<group>"; };
		CFE30D772909041E00BBE93E /* TutorialLiriosView.swift */ = {isa = PBXFileReference; lastKnownFileType = sourcecode.swift; path = TutorialLiriosView.swift; sourceTree = "<group>"; };
		CFE30D792909069800BBE93E /* NiloTutorialFinalView.swift */ = {isa = PBXFileReference; lastKnownFileType = sourcecode.swift; path = NiloTutorialFinalView.swift; sourceTree = "<group>"; };
		CFEA98E228F108A00058F16F /* ReplicateAPIMakePredictionResponse.swift */ = {isa = PBXFileReference; lastKnownFileType = sourcecode.swift; path = ReplicateAPIMakePredictionResponse.swift; sourceTree = "<group>"; };
		CFEA98E728F1114F0058F16F /* ReplicateAPIBuffer.swift */ = {isa = PBXFileReference; lastKnownFileType = sourcecode.swift; path = ReplicateAPIBuffer.swift; sourceTree = "<group>"; };
		CFEA98EC28F120040058F16F /* test_replicateView.swift */ = {isa = PBXFileReference; lastKnownFileType = sourcecode.swift; path = test_replicateView.swift; sourceTree = "<group>"; };
		EC37685C2901F07B00FA802D /* CarregandoView.swift */ = {isa = PBXFileReference; lastKnownFileType = sourcecode.swift; path = CarregandoView.swift; sourceTree = "<group>"; };
		EC37685E2908645500FA802D /* LoadingSpinnerView.swift */ = {isa = PBXFileReference; lastKnownFileType = sourcecode.swift; path = LoadingSpinnerView.swift; sourceTree = "<group>"; };
		EC6032CD28EE063F00646F4C /* CameraView.swift */ = {isa = PBXFileReference; lastKnownFileType = sourcecode.swift; path = CameraView.swift; sourceTree = "<group>"; };
		EC6032D128EE252700646F4C /* Cores.swift */ = {isa = PBXFileReference; lastKnownFileType = sourcecode.swift; path = Cores.swift; sourceTree = "<group>"; };
		EC92E3FF290B0856007ECAA4 /* APIProtocol.swift */ = {isa = PBXFileReference; lastKnownFileType = sourcecode.swift; path = APIProtocol.swift; sourceTree = "<group>"; };
		ECC15BE12909CCF300304C65 /* ImageDetailView.swift */ = {isa = PBXFileReference; lastKnownFileType = sourcecode.swift; path = ImageDetailView.swift; sourceTree = "<group>"; };
		ECF4ED5328F9919B0018965B /* TelaUpload.swift */ = {isa = PBXFileReference; lastKnownFileType = sourcecode.swift; path = TelaUpload.swift; sourceTree = "<group>"; };
		ECF4ED5528F9A0B00018965B /* ImagePicker.swift */ = {isa = PBXFileReference; lastKnownFileType = sourcecode.swift; path = ImagePicker.swift; sourceTree = "<group>"; };
/* End PBXFileReference section */

/* Begin PBXFrameworksBuildPhase section */
		CF46D3E628ECD0040052C018 /* Frameworks */ = {
			isa = PBXFrameworksBuildPhase;
			buildActionMask = 2147483647;
			files = (
				CFEA98EB28F114D50058F16F /* CodableExtensions in Frameworks */,
			);
			runOnlyForDeploymentPostprocessing = 0;
		};
/* End PBXFrameworksBuildPhase section */

/* Begin PBXGroup section */
		AD1F1166290B1003004D9266 /* ResultadoVIew */ = {
			isa = PBXGroup;
			children = (
			);
			path = ResultadoVIew;
			sourceTree = "<group>";
		};
		ADC14C2728ECDF5900065D97 /* ReplicateAPI */ = {
			isa = PBXGroup;
			children = (
				CF52E58928F0A8910074326F /* ReplicateAPIModelsEnum.swift */,
				ADC14C2928ECDF9100065D97 /* ReplicateAPIGetModelResponse.swift */,
				AD6F91B628EE221300195F12 /* ReplicateAPIPostModelPrediction.swift */,
				CF52E58B28F0ACDA0074326F /* ReplicateAPIInput.swift */,
				CF52E58D28F0B64C0074326F /* ReplicateAPIErro.swift */,
				CF52E58F28F0BEB50074326F /* ReplicateAPIPredictionInfo.swift */,
				CFEA98E228F108A00058F16F /* ReplicateAPIMakePredictionResponse.swift */,
				CFEA98E728F1114F0058F16F /* ReplicateAPIBuffer.swift */,
			);
			path = ReplicateAPI;
			sourceTree = "<group>";
		};
		ADC14C2828ECDF7300065D97 /* API */ = {
			isa = PBXGroup;
			children = (
				CFA87A5B290A1A250019E802 /* NiloMLAPI */,
				CFE1570428F747E800502EB1 /* ImageKitAPI */,
				CF86A67528F5E5AE009B6DE3 /* BasetenAPI */,
				ADC14C2728ECDF5900065D97 /* ReplicateAPI */,
			);
			path = API;
			sourceTree = "<group>";
		};
		CF0D8D9C290717DE0075A715 /* Menu */ = {
			isa = PBXGroup;
			children = (
				CF0D8D9D2907184F0075A715 /* MenuItemView.swift */,
				CFC203FE29080BF40012D790 /* MenuTitleView.swift */,
				CFA274022908F9CF00A8C6D9 /* MenuView.swift */,
				ECC15BE12909CCF300304C65 /* ImageDetailView.swift */,
			);
			path = Menu;
			sourceTree = "<group>";
		};
		CF0D8D9F290718AA0075A715 /* Misc */ = {
			isa = PBXGroup;
			children = (
				EC6032D128EE252700646F4C /* Cores.swift */,
				CF0D8DA0290718B90075A715 /* MotionManager.swift */,
				CFC2043129086CA90012D790 /* ShakeShake.swift */,
				CFE30D752908FFC400BBE93E /* SliderView.swift */,
				AD1F1167290B1020004D9266 /* ImageResultModifier.swift */,
			);
			path = Misc;
			sourceTree = "<group>";
		};
		CF0FB08A28EF56AC0009C275 /* ColorizeML */ = {
			isa = PBXGroup;
			children = (
				CF0FB10F28EF6A050009C275 /* Util */,
				CF0FB08B28EF5AE00009C275 /* ColorizeML.swift */,
				CF77F8D528EFBD9A00C1BBD2 /* test_colorizeML.swift */,
				CF9072CD29119C5A003B8B62 /* coremlColorizer.mlmodel */,
			);
			path = ColorizeML;
			sourceTree = "<group>";
		};
		CF0FB10F28EF6A050009C275 /* Util */ = {
			isa = PBXGroup;
			children = (
				CF0FB11328EF6ABB0009C275 /* littlecms */,
				CF0FB10828EF69FD0009C275 /* DispatchQueue+Utils.swift */,
				CF0FB10628EF69FD0009C275 /* ImageColoriser-Bridging-Header.h */,
				CF0FB10A28EF69FE0009C275 /* UIImage+Lab.h */,
				CF0FB10928EF69FD0009C275 /* UIImage+Lab.mm */,
				CF0FB10728EF69FD0009C275 /* UIImage+Utils.swift */,
				CF0FB10528EF69FD0009C275 /* UIViewController+Utils.swift */,
				CF0FB10428EF69FD0009C275 /* Nilo-Bridging-Header.h */,
			);
			path = Util;
			sourceTree = "<group>";
		};
		CF0FB11328EF6ABB0009C275 /* littlecms */ = {
			isa = PBXGroup;
			children = (
				CF0FB12A28EF6AD30009C275 /* cmsalpha.c */,
				CF0FB11628EF6AD20009C275 /* cmscam02.c */,
				CF0FB12D28EF6AD30009C275 /* cmscgats.c */,
				CF0FB13328EF6AD40009C275 /* cmscnvrt.c */,
				CF0FB12C28EF6AD30009C275 /* cmserr.c */,
				CF0FB11C28EF6AD20009C275 /* cmsgamma.c */,
				CF0FB13528EF6AD40009C275 /* cmsgmt.c */,
				CF0FB11B28EF6AD20009C275 /* cmshalf.c */,
				CF0FB11E28EF6AD20009C275 /* cmsintrp.c */,
				CF0FB11528EF6AD10009C275 /* cmsio0.c */,
				CF0FB12328EF6AD20009C275 /* cmsio1.c */,
				CF0FB13028EF6AD30009C275 /* cmslut.c */,
				CF0FB12428EF6AD20009C275 /* cmsmd5.c */,
				CF0FB12528EF6AD30009C275 /* cmsmtrx.c */,
				CF0FB11428EF6AD10009C275 /* cmsnamed.c */,
				CF0FB11D28EF6AD20009C275 /* cmsopt.c */,
				CF0FB13428EF6AD40009C275 /* cmspack.c */,
				CF0FB12728EF6AD30009C275 /* cmspcs.c */,
				CF0FB12B28EF6AD30009C275 /* cmsplugin.c */,
				CF0FB11928EF6AD20009C275 /* cmsps2.c */,
				CF0FB13128EF6AD30009C275 /* cmssamp.c */,
				CF0FB12928EF6AD30009C275 /* cmssm.c */,
				CF0FB12F28EF6AD30009C275 /* cmstypes.c */,
				CF0FB12E28EF6AD30009C275 /* cmsvirt.c */,
				CF0FB11A28EF6AD20009C275 /* cmswtpnt.c */,
				CF0FB11F28EF6AD20009C275 /* cmsxform.c */,
				CF0FB12028EF6AD20009C275 /* lcms2_internal.h */,
				CF0FB12128EF6AD20009C275 /* lcms2_plugin.h */,
				CF0FB12628EF6AD30009C275 /* lcms2.def */,
				CF0FB12228EF6AD20009C275 /* lcms2.h */,
				CF0FB11828EF6AD20009C275 /* Makefile.am */,
				CF0FB12828EF6AD30009C275 /* Makefile.in */,
				CF0FB13228EF6AD40009C275 /* sRGB_ICC_v4_Appearance.icc */,
				CF0FB11728EF6AD20009C275 /* sRGB_v4_ICC_preference.icc */,
			);
			path = littlecms;
			sourceTree = "<group>";
		};
		CF27AF442910D71B00DF0353 /* DeepFakeView */ = {
			isa = PBXGroup;
			children = (
				CF27AF452910D72800DF0353 /* DeepFakeModalView.swift */,
			);
			path = DeepFakeView;
			sourceTree = "<group>";
		};
		CF2BFC3C2910596A00B489F3 /* ProcessarView */ = {
			isa = PBXGroup;
			children = (
				CF82802D29144C4300608F1A /* Processando */,
				CF82802C29144C3500608F1A /* PreProcessamento */,
				AD16386D29061B7A0022713F /* ButtonsView.swift */,
				EC6032CD28EE063F00646F4C /* CameraView.swift */,
				ECF4ED5528F9A0B00018965B /* ImagePicker.swift */,
				CF2BFC452910A5E600B489F3 /* BtnProcessarView.swift */,
			);
			path = ProcessarView;
			sourceTree = "<group>";
		};
		CF2BFC4029105AAA00B489F3 /* CarregandoView */ = {
			isa = PBXGroup;
			children = (
				EC37685E2908645500FA802D /* LoadingSpinnerView.swift */,
				EC37685C2901F07B00FA802D /* CarregandoView.swift */,
				CF82802A29144B6800608F1A /* CarregandoVideoView.swift */,
			);
			path = CarregandoView;
			sourceTree = "<group>";
		};
		CF2BFC4229105ACF00B489F3 /* ResultadoView */ = {
			isa = PBXGroup;
			children = (
				AD9E8B2929032BBD00259CF1 /* ResultadoView.swift */,
				CF2BFC472910AA8D00B489F3 /* BtnContinuarResultadoView.swift */,
				CF82803029144FAA00608F1A /* ResultadoVideoView.swift */,
			);
			path = ResultadoView;
			sourceTree = "<group>";
		};
		CF46D3E028ECD0040052C018 = {
			isa = PBXGroup;
			children = (
				CFC2040029081FD30012D790 /* Launch Screen.storyboard */,
				CF46D3EB28ECD0040052C018 /* Nilo */,
				CF46D3EA28ECD0040052C018 /* Products */,
			);
			sourceTree = "<group>";
		};
		CF46D3EA28ECD0040052C018 /* Products */ = {
			isa = PBXGroup;
			children = (
				CF46D3E928ECD0040052C018 /* Nilo.app */,
			);
			name = Products;
			sourceTree = "<group>";
		};
		CF46D3EB28ECD0040052C018 /* Nilo */ = {
			isa = PBXGroup;
			children = (
				CFC2043029085DB90012D790 /* Info.plist */,
				CF46D3FD28ECD11D0052C018 /* Model */,
				CF46D3FB28ECD1060052C018 /* View */,
				CF46D3FA28ECD0FC0052C018 /* Networking */,
				CF46D3EC28ECD0040052C018 /* NiloApp.swift */,
				CF46D3EE28ECD0040052C018 /* ContentView.swift */,
				CF46D3FF28ECD1CC0052C018 /* ContentViewExtension.swift */,
				CF46D3F028ECD0050052C018 /* Assets.xcassets */,
				CF46D3F228ECD0050052C018 /* Preview Content */,
			);
			path = Nilo;
			sourceTree = "<group>";
		};
		CF46D3F228ECD0050052C018 /* Preview Content */ = {
			isa = PBXGroup;
			children = (
				CF46D3F328ECD0050052C018 /* Preview Assets.xcassets */,
			);
			path = "Preview Content";
			sourceTree = "<group>";
		};
		CF46D3FA28ECD0FC0052C018 /* Networking */ = {
			isa = PBXGroup;
			children = (
				CFA87A58290A18FC0019E802 /* NiloMLAPI */,
				CFE1570128F71A3400502EB1 /* ImageKitAPI */,
				CF86A67228F5E507009B6DE3 /* BasetenAPI */,
				CF46D3FE28ECD1590052C018 /* ReplicateAPI */,
				EC92E3FF290B0856007ECAA4 /* APIProtocol.swift */,
			);
			path = Networking;
			sourceTree = "<group>";
		};
		CF46D3FB28ECD1060052C018 /* View */ = {
			isa = PBXGroup;
			children = (
				CF27AF442910D71B00DF0353 /* DeepFakeView */,
				CF2BFC4229105ACF00B489F3 /* ResultadoView */,
				CF2BFC4029105AAA00B489F3 /* CarregandoView */,
				CF2BFC3C2910596A00B489F3 /* ProcessarView */,
				AD1F1166290B1003004D9266 /* ResultadoVIew */,
				CFC204342908E8CA0012D790 /* Tutorial */,
				CFC2040429085A5B0012D790 /* Font */,
				CF0D8D9F290718AA0075A715 /* Misc */,
				CF0D8D9C290717DE0075A715 /* Menu */,
			);
			path = View;
			sourceTree = "<group>";
		};
		CF46D3FD28ECD11D0052C018 /* Model */ = {
			isa = PBXGroup;
			children = (
				CF0FB08A28EF56AC0009C275 /* ColorizeML */,
				ADC14C2828ECDF7300065D97 /* API */,
			);
			path = Model;
			sourceTree = "<group>";
		};
		CF46D3FE28ECD1590052C018 /* ReplicateAPI */ = {
			isa = PBXGroup;
			children = (
				ADC14C2528ECD5C300065D97 /* ReplicateAPI.swift */,
				ADBD423528EF4C0200E0C8CF /* UIImage_Extention.swift */,
				CFEA98EC28F120040058F16F /* test_replicateView.swift */,
			);
			path = ReplicateAPI;
			sourceTree = "<group>";
		};
		CF82802C29144C3500608F1A /* PreProcessamento */ = {
			isa = PBXGroup;
			children = (
				CF2BFC3D291059DF00B489F3 /* PreProcessamentoView.swift */,
				CF8280282914480500608F1A /* PreProcessamentoVideoView.swift */,
			);
			path = PreProcessamento;
			sourceTree = "<group>";
		};
		CF82802D29144C4300608F1A /* Processando */ = {
			isa = PBXGroup;
			children = (
				CF2BFC4329107E6F00B489F3 /* ProcessandoView.swift */,
				CF82802E29144C9100608F1A /* ProcessandoVideoView.swift */,
			);
			path = Processando;
			sourceTree = "<group>";
		};
		CF86A67228F5E507009B6DE3 /* BasetenAPI */ = {
			isa = PBXGroup;
			children = (
				CF86A67328F5E51B009B6DE3 /* BasetenAPI.swift */,
				ECF4ED5328F9919B0018965B /* TelaUpload.swift */,
			);
			path = BasetenAPI;
			sourceTree = "<group>";
		};
		CF86A67528F5E5AE009B6DE3 /* BasetenAPI */ = {
			isa = PBXGroup;
			children = (
				CF86A67628F5E5FA009B6DE3 /* BasetenAPIInput.swift */,
				CF86A67828F5E6F3009B6DE3 /* BasetenAPIModelEnum.swift */,
				CFE1570728F752D000502EB1 /* BasetenAPIGFPGANResponse.swift */,
				CFE1570928F7593800502EB1 /* BasetenError.swift */,
			);
			path = BasetenAPI;
			sourceTree = "<group>";
		};
		CFA87A58290A18FC0019E802 /* NiloMLAPI */ = {
			isa = PBXGroup;
			children = (
				CFA87A60290A22D80019E802 /* Misc */,
				CFA87A59290A19200019E802 /* NiloMLAPI.swift */,
				CFA87A5E290A1FE10019E802 /* NiloMLTestView.swift */,
			);
			path = NiloMLAPI;
			sourceTree = "<group>";
		};
		CFA87A5B290A1A250019E802 /* NiloMLAPI */ = {
			isa = PBXGroup;
			children = (
				CFA87A5C290A1E0A0019E802 /* NiloMLError.swift */,
			);
			path = NiloMLAPI;
			sourceTree = "<group>";
		};
		CFA87A60290A22D80019E802 /* Misc */ = {
			isa = PBXGroup;
			children = (
				CFA87A61290A22E50019E802 /* UniqeArray.swift */,
				CFA87A63290A30E60019E802 /* TemporaryMediaFile.swift */,
			);
			path = Misc;
			sourceTree = "<group>";
		};
		CFC2040429085A5B0012D790 /* Font */ = {
			isa = PBXGroup;
			children = (
				CFC2040529085A660012D790 /* Poppins */,
			);
			path = Font;
			sourceTree = "<group>";
		};
		CFC2040529085A660012D790 /* Poppins */ = {
			isa = PBXGroup;
			children = (
				AD7105D1290AB4B900D6D9B0 /* Poppins-Black.ttf */,
				AD7105D9290AB4BA00D6D9B0 /* Poppins-BlackItalic.ttf */,
				AD7105D0290AB4B900D6D9B0 /* Poppins-Bold.ttf */,
				AD7105D5290AB4BA00D6D9B0 /* Poppins-BoldItalic.ttf */,
				AD7105D8290AB4BA00D6D9B0 /* Poppins-ExtraBold.ttf */,
				AD7105DD290AB4BA00D6D9B0 /* Poppins-ExtraBoldItalic.ttf */,
				AD7105D6290AB4BA00D6D9B0 /* Poppins-ExtraLight.ttf */,
				AD7105CC290AB4B900D6D9B0 /* Poppins-ExtraLightItalic.ttf */,
				AD7105DA290AB4BA00D6D9B0 /* Poppins-Italic.ttf */,
				AD7105D2290AB4B900D6D9B0 /* Poppins-Light.ttf */,
				AD7105CD290AB4B900D6D9B0 /* Poppins-LightItalic.ttf */,
				AD7105DE290AB4BA00D6D9B0 /* Poppins-Medium.ttf */,
				AD7105D7290AB4BA00D6D9B0 /* Poppins-MediumItalic.ttf */,
				AD7105CE290AB4B900D6D9B0 /* Poppins-Regular.ttf */,
				AD7105DB290AB4BA00D6D9B0 /* Poppins-SemiBold.ttf */,
				AD7105D3290AB4B900D6D9B0 /* Poppins-SemiBoldItalic.ttf */,
				AD7105CF290AB4B900D6D9B0 /* Poppins-Thin.ttf */,
				AD7105D4290AB4B900D6D9B0 /* Poppins-ThinItalic.ttf */,
			);
			path = Poppins;
			sourceTree = "<group>";
		};
		CFC204342908E8CA0012D790 /* Tutorial */ = {
			isa = PBXGroup;
			children = (
				CFC204352908E9370012D790 /* TutorialView.swift */,
				CFC204372908F0630012D790 /* TutorialBVView.swift */,
				CFE30D712908FC9B00BBE93E /* TutorialMenuView.swift */,
				CFE30D732908FED500BBE93E /* TutoriaLotusView.swift */,
				CFE30D772909041E00BBE93E /* TutorialLiriosView.swift */,
				CFE30D792909069800BBE93E /* NiloTutorialFinalView.swift */,
			);
			path = Tutorial;
			sourceTree = "<group>";
		};
		CFE1570128F71A3400502EB1 /* ImageKitAPI */ = {
			isa = PBXGroup;
			children = (
				CFE1570228F71A4000502EB1 /* ImageKitAPI.swift */,
			);
			path = ImageKitAPI;
			sourceTree = "<group>";
		};
		CFE1570428F747E800502EB1 /* ImageKitAPI */ = {
			isa = PBXGroup;
			children = (
				CFE1570528F747FC00502EB1 /* ImageKitAPIUploadResponse.swift */,
			);
			path = ImageKitAPI;
			sourceTree = "<group>";
		};
/* End PBXGroup section */

/* Begin PBXNativeTarget section */
		CF46D3E828ECD0040052C018 /* Nilo */ = {
			isa = PBXNativeTarget;
			buildConfigurationList = CF46D3F728ECD0050052C018 /* Build configuration list for PBXNativeTarget "Nilo" */;
			buildPhases = (
				CF46D3E528ECD0040052C018 /* Sources */,
				CF46D3E628ECD0040052C018 /* Frameworks */,
				CF46D3E728ECD0040052C018 /* Resources */,
			);
			buildRules = (
			);
			dependencies = (
			);
			name = Nilo;
			packageProductDependencies = (
				CFEA98EA28F114D50058F16F /* CodableExtensions */,
			);
			productName = Nilo;
			productReference = CF46D3E928ECD0040052C018 /* Nilo.app */;
			productType = "com.apple.product-type.application";
		};
/* End PBXNativeTarget section */

/* Begin PBXProject section */
		CF46D3E128ECD0040052C018 /* Project object */ = {
			isa = PBXProject;
			attributes = {
				BuildIndependentTargetsInParallel = 1;
				LastSwiftUpdateCheck = 1400;
				LastUpgradeCheck = 1400;
				TargetAttributes = {
					CF46D3E828ECD0040052C018 = {
						CreatedOnToolsVersion = 14.0;
						LastSwiftMigration = 1400;
					};
				};
			};
			buildConfigurationList = CF46D3E428ECD0040052C018 /* Build configuration list for PBXProject "Nilo" */;
			compatibilityVersion = "Xcode 14.0";
			developmentRegion = en;
			hasScannedForEncodings = 0;
			knownRegions = (
				en,
				Base,
			);
			mainGroup = CF46D3E028ECD0040052C018;
			packageReferences = (
				CFEA98E928F114D50058F16F /* XCRemoteSwiftPackageReference "CodableExtensions" */,
			);
			productRefGroup = CF46D3EA28ECD0040052C018 /* Products */;
			projectDirPath = "";
			projectRoot = "";
			targets = (
				CF46D3E828ECD0040052C018 /* Nilo */,
			);
		};
/* End PBXProject section */

/* Begin PBXResourcesBuildPhase section */
		CF46D3E728ECD0040052C018 /* Resources */ = {
			isa = PBXResourcesBuildPhase;
			buildActionMask = 2147483647;
			files = (
				CF0FB14728EF6AD40009C275 /* Makefile.in in Resources */,
				AD7105E6290AB4BB00D6D9B0 /* Poppins-SemiBoldItalic.ttf in Resources */,
				AD7105E5290AB4BB00D6D9B0 /* Poppins-Light.ttf in Resources */,
				AD7105E0290AB4BA00D6D9B0 /* Poppins-LightItalic.ttf in Resources */,
				CF46D3F428ECD0050052C018 /* Preview Assets.xcassets in Resources */,
				AD7105ED290AB4BB00D6D9B0 /* Poppins-Italic.ttf in Resources */,
				AD7105F1290AB4BB00D6D9B0 /* Poppins-Medium.ttf in Resources */,
				AD7105E7290AB4BB00D6D9B0 /* Poppins-ThinItalic.ttf in Resources */,
				CFC2040129081FD30012D790 /* Launch Screen.storyboard in Resources */,
				AD7105DF290AB4BA00D6D9B0 /* Poppins-ExtraLightItalic.ttf in Resources */,
				CF0FB14528EF6AD40009C275 /* lcms2.def in Resources */,
				AD7105EA290AB4BB00D6D9B0 /* Poppins-MediumItalic.ttf in Resources */,
				AD7105EC290AB4BB00D6D9B0 /* Poppins-BlackItalic.ttf in Resources */,
				AD7105EB290AB4BB00D6D9B0 /* Poppins-ExtraBold.ttf in Resources */,
				AD7105E8290AB4BB00D6D9B0 /* Poppins-BoldItalic.ttf in Resources */,
				CF0FB15128EF6AD40009C275 /* sRGB_ICC_v4_Appearance.icc in Resources */,
				CF0FB13A28EF6AD40009C275 /* Makefile.am in Resources */,
				AD7105E3290AB4BB00D6D9B0 /* Poppins-Bold.ttf in Resources */,
				AD7105F0290AB4BB00D6D9B0 /* Poppins-ExtraBoldItalic.ttf in Resources */,
				AD7105E1290AB4BA00D6D9B0 /* Poppins-Regular.ttf in Resources */,
				AD7105E9290AB4BB00D6D9B0 /* Poppins-ExtraLight.ttf in Resources */,
				AD7105E4290AB4BB00D6D9B0 /* Poppins-Black.ttf in Resources */,
				AD7105E2290AB4BB00D6D9B0 /* Poppins-Thin.ttf in Resources */,
				AD7105EE290AB4BB00D6D9B0 /* Poppins-SemiBold.ttf in Resources */,
				CF46D3F128ECD0050052C018 /* Assets.xcassets in Resources */,
				CF0FB13928EF6AD40009C275 /* sRGB_v4_ICC_preference.icc in Resources */,
			);
			runOnlyForDeploymentPostprocessing = 0;
		};
/* End PBXResourcesBuildPhase section */

/* Begin PBXSourcesBuildPhase section */
		CF46D3E528ECD0040052C018 /* Sources */ = {
			isa = PBXSourcesBuildPhase;
			buildActionMask = 2147483647;
			files = (
				CF86A67428F5E51B009B6DE3 /* BasetenAPI.swift in Sources */,
				CFEA98E828F1114F0058F16F /* ReplicateAPIBuffer.swift in Sources */,
				CF0FB15328EF6AD40009C275 /* cmspack.c in Sources */,
				CF0FB14F28EF6AD40009C275 /* cmslut.c in Sources */,
				CF8280292914480500608F1A /* PreProcessamentoVideoView.swift in Sources */,
				CFE30D7A2909069800BBE93E /* NiloTutorialFinalView.swift in Sources */,
				EC37685D2901F07B00FA802D /* CarregandoView.swift in Sources */,
				CF0FB14428EF6AD40009C275 /* cmsmtrx.c in Sources */,
				CF0FB11228EF6A7D0009C275 /* Nilo-Bridging-Header.h in Sources */,
				AD16386E29061B7A0022713F /* ButtonsView.swift in Sources */,
				ECC15BE22909CCF300304C65 /* ImageDetailView.swift in Sources */,
				CF82803129144FAA00608F1A /* ResultadoVideoView.swift in Sources */,
				CF0FB13F28EF6AD40009C275 /* cmsopt.c in Sources */,
				CF0FB13D28EF6AD40009C275 /* cmshalf.c in Sources */,
				CF77F8D628EFBD9A00C1BBD2 /* test_colorizeML.swift in Sources */,
				ADC14C2628ECD5C300065D97 /* ReplicateAPI.swift in Sources */,
				CFC203FF29080BF40012D790 /* MenuTitleView.swift in Sources */,
				ADBD423628EF4C0200E0C8CF /* UIImage_Extention.swift in Sources */,
				CFA274032908F9CF00A8C6D9 /* MenuView.swift in Sources */,
				AD6F91B728EE221300195F12 /* ReplicateAPIPostModelPrediction.swift in Sources */,
				CF2BFC462910A5E600B489F3 /* BtnProcessarView.swift in Sources */,
				CF52E58A28F0A8910074326F /* ReplicateAPIModelsEnum.swift in Sources */,
				CFE30D722908FC9B00BBE93E /* TutorialMenuView.swift in Sources */,
				CFE1570A28F7593800502EB1 /* BasetenError.swift in Sources */,
				CFA87A5F290A1FE10019E802 /* NiloMLTestView.swift in Sources */,
				CF52E58E28F0B64C0074326F /* ReplicateAPIErro.swift in Sources */,
				CF52E58C28F0ACDA0074326F /* ReplicateAPIInput.swift in Sources */,
				CFEA98E328F108A10058F16F /* ReplicateAPIMakePredictionResponse.swift in Sources */,
				CF0FB13E28EF6AD40009C275 /* cmsgamma.c in Sources */,
				CF0FB15228EF6AD40009C275 /* cmscnvrt.c in Sources */,
				CF0FB14128EF6AD40009C275 /* cmsxform.c in Sources */,
				EC92E400290B0856007ECAA4 /* APIProtocol.swift in Sources */,
				ADBD423628EF4C0200E0C8CF /* UIImage_Extention.swift in Sources */,
				AD6F91B728EE221300195F12 /* ReplicateAPIPostModelPrediction.swift in Sources */,
				CF52E58A28F0A8910074326F /* ReplicateAPIModelsEnum.swift in Sources */,
				CFE1570A28F7593800502EB1 /* BasetenError.swift in Sources */,
				CFA87A64290A30E60019E802 /* TemporaryMediaFile.swift in Sources */,
				CF52E58E28F0B64C0074326F /* ReplicateAPIErro.swift in Sources */,
				CF52E58C28F0ACDA0074326F /* ReplicateAPIInput.swift in Sources */,
				CFEA98E328F108A10058F16F /* ReplicateAPIMakePredictionResponse.swift in Sources */,
				CF0FB13E28EF6AD40009C275 /* cmsgamma.c in Sources */,
				CFE30D782909041E00BBE93E /* TutorialLiriosView.swift in Sources */,
				CFE30D762908FFC400BBE93E /* SliderView.swift in Sources */,
				CF0FB15228EF6AD40009C275 /* cmscnvrt.c in Sources */,
				CF0FB14128EF6AD40009C275 /* cmsxform.c in Sources */,
				CF27AF432910C40600DF0353 /* NiloMLError.swift in Sources */,
				CF0D8D9E2907184F0075A715 /* MenuItemView.swift in Sources */,
				CF46D40028ECD1CC0052C018 /* ContentViewExtension.swift in Sources */,
				CFE1570628F747FC00502EB1 /* ImageKitAPIUploadResponse.swift in Sources */,
				CFE1570328F71A4000502EB1 /* ImageKitAPI.swift in Sources */,
				CFA87A62290A22E50019E802 /* UniqeArray.swift in Sources */,
				CF0FB14228EF6AD40009C275 /* cmsio1.c in Sources */,
				CF0FB14928EF6AD40009C275 /* cmsalpha.c in Sources */,
				CF2BFC4429107E6F00B489F3 /* ProcessandoView.swift in Sources */,
				CF0FB14628EF6AD40009C275 /* cmspcs.c in Sources */,
				CF2BFC482910AA8D00B489F3 /* BtnContinuarResultadoView.swift in Sources */,
				CF0FB14B28EF6AD40009C275 /* cmserr.c in Sources */,
				CFA87A5A290A19200019E802 /* NiloMLAPI.swift in Sources */,
				CF0FB14328EF6AD40009C275 /* cmsmd5.c in Sources */,
				CF82802F29144C9100608F1A /* ProcessandoVideoView.swift in Sources */,
				CF0FB10B28EF69FE0009C275 /* UIViewController+Utils.swift in Sources */,
				CF0FB14028EF6AD40009C275 /* cmsintrp.c in Sources */,
				CFE30D742908FED500BBE93E /* TutoriaLotusView.swift in Sources */,
				CF2BFC3E291059DF00B489F3 /* PreProcessamentoView.swift in Sources */,
				CFC2043229086CA90012D790 /* ShakeShake.swift in Sources */,
				CFC204362908E9370012D790 /* TutorialView.swift in Sources */,
				EC37685F2908645500FA802D /* LoadingSpinnerView.swift in Sources */,
				CF0FB10C28EF69FE0009C275 /* UIImage+Utils.swift in Sources */,
				CF0FB13828EF6AD40009C275 /* cmscam02.c in Sources */,
				CF46D3EF28ECD0040052C018 /* ContentView.swift in Sources */,
				CF82802B29144B6800608F1A /* CarregandoVideoView.swift in Sources */,
				CFE1570828F752D000502EB1 /* BasetenAPIGFPGANResponse.swift in Sources */,
				EC6032CE28EE063F00646F4C /* CameraView.swift in Sources */,
				CFC204382908F0630012D790 /* TutorialBVView.swift in Sources */,
				EC6032D228EE252700646F4C /* Cores.swift in Sources */,
				CFEA98ED28F120040058F16F /* test_replicateView.swift in Sources */,
				CF86A67728F5E5FA009B6DE3 /* BasetenAPIInput.swift in Sources */,
				CF52E59028F0BEB50074326F /* ReplicateAPIPredictionInfo.swift in Sources */,
				CF0FB10D28EF69FE0009C275 /* DispatchQueue+Utils.swift in Sources */,
				CF0FB14E28EF6AD40009C275 /* cmstypes.c in Sources */,
				CF0FB13628EF6AD40009C275 /* cmsnamed.c in Sources */,
				CF46D3ED28ECD0040052C018 /* NiloApp.swift in Sources */,
				AD347B812909763900D16D45 /* (null) in Sources */,
				CF86A67928F5E6F3009B6DE3 /* BasetenAPIModelEnum.swift in Sources */,
				CF0FB14828EF6AD40009C275 /* cmssm.c in Sources */,
				CF0FB14C28EF6AD40009C275 /* cmscgats.c in Sources */,
				CF0FB14D28EF6AD40009C275 /* cmsvirt.c in Sources */,
				CF0FB13B28EF6AD40009C275 /* cmsps2.c in Sources */,
				CF0FB14A28EF6AD40009C275 /* cmsplugin.c in Sources */,
				CF27AF462910D72800DF0353 /* DeepFakeModalView.swift in Sources */,
				CF0FB13C28EF6AD40009C275 /* cmswtpnt.c in Sources */,
				AD1F1168290B1020004D9266 /* ImageResultModifier.swift in Sources */,
				CF0FB10E28EF69FE0009C275 /* UIImage+Lab.mm in Sources */,
				ECF4ED5628F9A0B00018965B /* ImagePicker.swift in Sources */,
				ECF4ED5428F9919B0018965B /* TelaUpload.swift in Sources */,
				CF0D8DA1290718B90075A715 /* MotionManager.swift in Sources */,
				CF0FB15028EF6AD40009C275 /* cmssamp.c in Sources */,
				ADC14C2A28ECDF9100065D97 /* ReplicateAPIGetModelResponse.swift in Sources */,
				CF0FB08C28EF5AE00009C275 /* ColorizeML.swift in Sources */,
				CF9072CE29119C5A003B8B62 /* coremlColorizer.mlmodel in Sources */,
				CF0FB13728EF6AD40009C275 /* cmsio0.c in Sources */,
				CF0FB15428EF6AD40009C275 /* cmsgmt.c in Sources */,
				AD9E8B2A29032BBD00259CF1 /* ResultadoView.swift in Sources */,
			);
			runOnlyForDeploymentPostprocessing = 0;
		};
/* End PBXSourcesBuildPhase section */

/* Begin XCBuildConfiguration section */
		CF46D3F528ECD0050052C018 /* Debug */ = {
			isa = XCBuildConfiguration;
			buildSettings = {
				ALWAYS_SEARCH_USER_PATHS = NO;
				CLANG_ANALYZER_NONNULL = YES;
				CLANG_ANALYZER_NUMBER_OBJECT_CONVERSION = YES_AGGRESSIVE;
				CLANG_CXX_LANGUAGE_STANDARD = "gnu++20";
				CLANG_ENABLE_MODULES = YES;
				CLANG_ENABLE_OBJC_ARC = YES;
				CLANG_ENABLE_OBJC_WEAK = YES;
				CLANG_WARN_BLOCK_CAPTURE_AUTORELEASING = YES;
				CLANG_WARN_BOOL_CONVERSION = YES;
				CLANG_WARN_COMMA = YES;
				CLANG_WARN_CONSTANT_CONVERSION = YES;
				CLANG_WARN_DEPRECATED_OBJC_IMPLEMENTATIONS = YES;
				CLANG_WARN_DIRECT_OBJC_ISA_USAGE = YES_ERROR;
				CLANG_WARN_DOCUMENTATION_COMMENTS = YES;
				CLANG_WARN_EMPTY_BODY = YES;
				CLANG_WARN_ENUM_CONVERSION = YES;
				CLANG_WARN_INFINITE_RECURSION = YES;
				CLANG_WARN_INT_CONVERSION = YES;
				CLANG_WARN_NON_LITERAL_NULL_CONVERSION = YES;
				CLANG_WARN_OBJC_IMPLICIT_RETAIN_SELF = YES;
				CLANG_WARN_OBJC_LITERAL_CONVERSION = YES;
				CLANG_WARN_OBJC_ROOT_CLASS = YES_ERROR;
				CLANG_WARN_QUOTED_INCLUDE_IN_FRAMEWORK_HEADER = YES;
				CLANG_WARN_RANGE_LOOP_ANALYSIS = YES;
				CLANG_WARN_STRICT_PROTOTYPES = YES;
				CLANG_WARN_SUSPICIOUS_MOVE = YES;
				CLANG_WARN_UNGUARDED_AVAILABILITY = YES_AGGRESSIVE;
				CLANG_WARN_UNREACHABLE_CODE = YES;
				CLANG_WARN__DUPLICATE_METHOD_MATCH = YES;
				COPY_PHASE_STRIP = NO;
				DEBUG_INFORMATION_FORMAT = dwarf;
				ENABLE_STRICT_OBJC_MSGSEND = YES;
				ENABLE_TESTABILITY = YES;
				GCC_C_LANGUAGE_STANDARD = gnu11;
				GCC_DYNAMIC_NO_PIC = NO;
				GCC_NO_COMMON_BLOCKS = YES;
				GCC_OPTIMIZATION_LEVEL = 0;
				GCC_PREPROCESSOR_DEFINITIONS = (
					"DEBUG=1",
					"$(inherited)",
				);
				GCC_WARN_64_TO_32_BIT_CONVERSION = YES;
				GCC_WARN_ABOUT_RETURN_TYPE = YES_ERROR;
				GCC_WARN_UNDECLARED_SELECTOR = YES;
				GCC_WARN_UNINITIALIZED_AUTOS = YES_AGGRESSIVE;
				GCC_WARN_UNUSED_FUNCTION = YES;
				GCC_WARN_UNUSED_VARIABLE = YES;
				IPHONEOS_DEPLOYMENT_TARGET = 16.0;
				MTL_ENABLE_DEBUG_INFO = INCLUDE_SOURCE;
				MTL_FAST_MATH = YES;
				ONLY_ACTIVE_ARCH = YES;
				SDKROOT = iphoneos;
				SWIFT_ACTIVE_COMPILATION_CONDITIONS = DEBUG;
				SWIFT_OPTIMIZATION_LEVEL = "-Onone";
			};
			name = Debug;
		};
		CF46D3F628ECD0050052C018 /* Release */ = {
			isa = XCBuildConfiguration;
			buildSettings = {
				ALWAYS_SEARCH_USER_PATHS = NO;
				CLANG_ANALYZER_NONNULL = YES;
				CLANG_ANALYZER_NUMBER_OBJECT_CONVERSION = YES_AGGRESSIVE;
				CLANG_CXX_LANGUAGE_STANDARD = "gnu++20";
				CLANG_ENABLE_MODULES = YES;
				CLANG_ENABLE_OBJC_ARC = YES;
				CLANG_ENABLE_OBJC_WEAK = YES;
				CLANG_WARN_BLOCK_CAPTURE_AUTORELEASING = YES;
				CLANG_WARN_BOOL_CONVERSION = YES;
				CLANG_WARN_COMMA = YES;
				CLANG_WARN_CONSTANT_CONVERSION = YES;
				CLANG_WARN_DEPRECATED_OBJC_IMPLEMENTATIONS = YES;
				CLANG_WARN_DIRECT_OBJC_ISA_USAGE = YES_ERROR;
				CLANG_WARN_DOCUMENTATION_COMMENTS = YES;
				CLANG_WARN_EMPTY_BODY = YES;
				CLANG_WARN_ENUM_CONVERSION = YES;
				CLANG_WARN_INFINITE_RECURSION = YES;
				CLANG_WARN_INT_CONVERSION = YES;
				CLANG_WARN_NON_LITERAL_NULL_CONVERSION = YES;
				CLANG_WARN_OBJC_IMPLICIT_RETAIN_SELF = YES;
				CLANG_WARN_OBJC_LITERAL_CONVERSION = YES;
				CLANG_WARN_OBJC_ROOT_CLASS = YES_ERROR;
				CLANG_WARN_QUOTED_INCLUDE_IN_FRAMEWORK_HEADER = YES;
				CLANG_WARN_RANGE_LOOP_ANALYSIS = YES;
				CLANG_WARN_STRICT_PROTOTYPES = YES;
				CLANG_WARN_SUSPICIOUS_MOVE = YES;
				CLANG_WARN_UNGUARDED_AVAILABILITY = YES_AGGRESSIVE;
				CLANG_WARN_UNREACHABLE_CODE = YES;
				CLANG_WARN__DUPLICATE_METHOD_MATCH = YES;
				COPY_PHASE_STRIP = NO;
				DEBUG_INFORMATION_FORMAT = "dwarf-with-dsym";
				ENABLE_NS_ASSERTIONS = NO;
				ENABLE_STRICT_OBJC_MSGSEND = YES;
				GCC_C_LANGUAGE_STANDARD = gnu11;
				GCC_NO_COMMON_BLOCKS = YES;
				GCC_OPTIMIZATION_LEVEL = 0;
				GCC_WARN_64_TO_32_BIT_CONVERSION = YES;
				GCC_WARN_ABOUT_RETURN_TYPE = YES_ERROR;
				GCC_WARN_UNDECLARED_SELECTOR = YES;
				GCC_WARN_UNINITIALIZED_AUTOS = YES_AGGRESSIVE;
				GCC_WARN_UNUSED_FUNCTION = YES;
				GCC_WARN_UNUSED_VARIABLE = YES;
				IPHONEOS_DEPLOYMENT_TARGET = 16.0;
				MTL_ENABLE_DEBUG_INFO = NO;
				MTL_FAST_MATH = YES;
				SDKROOT = iphoneos;
				SWIFT_COMPILATION_MODE = wholemodule;
				SWIFT_OPTIMIZATION_LEVEL = "-O";
				VALIDATE_PRODUCT = YES;
			};
			name = Release;
		};
		CF46D3F828ECD0050052C018 /* Debug */ = {
			isa = XCBuildConfiguration;
			buildSettings = {
				ASSETCATALOG_COMPILER_APPICON_NAME = AppIcon;
				ASSETCATALOG_COMPILER_GLOBAL_ACCENT_COLOR_NAME = AccentColor;
				ASSETCATALOG_COMPILER_INCLUDE_ALL_APPICON_ASSETS = NO;
				CLANG_ENABLE_MODULES = YES;
				CODE_SIGN_IDENTITY = "Apple Development";
				CODE_SIGN_STYLE = Automatic;
				CURRENT_PROJECT_VERSION = 1;
				DEVELOPMENT_ASSET_PATHS = "\"Nilo/Preview Content\"";
				DEVELOPMENT_TEAM = 67AYPRFZH8;
				ENABLE_PREVIEWS = YES;
				GENERATE_INFOPLIST_FILE = YES;
				INFOPLIST_FILE = Nilo/Info.plist;
				INFOPLIST_KEY_NSCameraUsageDescription = "Utilizar fotos da sua camera para melhorar retratos";
				INFOPLIST_KEY_NSPhotoLibraryAddUsageDescription = NSPhotoLibraryAddUsageDescription;
				INFOPLIST_KEY_UIApplicationSceneManifest_Generation = YES;
				INFOPLIST_KEY_UIApplicationSupportsIndirectInputEvents = YES;
				INFOPLIST_KEY_UILaunchScreen_Generation = YES;
				INFOPLIST_KEY_UILaunchStoryboardName = "Launch Screen.storyboard";
				INFOPLIST_KEY_UIRequiresFullScreen = NO;
				INFOPLIST_KEY_UISupportedInterfaceOrientations = UIInterfaceOrientationPortrait;
				LD_RUNPATH_SEARCH_PATHS = (
					"$(inherited)",
					"@executable_path/Frameworks",
				);
				MARKETING_VERSION = 1.0;
				OTHER_CFLAGS = "";
				OTHER_CPLUSPLUSFLAGS = (
					"$(OTHER_CFLAGS)",
					"-std=c++11",
					"-Wno-deprecated-register",
				);
				PRODUCT_BUNDLE_IDENTIFIER = MaiaJp.nilo;
				PRODUCT_NAME = "$(TARGET_NAME)";
				PROVISIONING_PROFILE_SPECIFIER = "";
				SUPPORTED_PLATFORMS = "iphoneos iphonesimulator";
				SUPPORTS_MACCATALYST = NO;
				SUPPORTS_MAC_DESIGNED_FOR_IPHONE_IPAD = NO;
				SWIFT_EMIT_LOC_STRINGS = YES;
				SWIFT_OBJC_BRIDGING_HEADER = "Nilo/Model/ColorizeML/Util/Nilo-Bridging-Header.h";
				SWIFT_OPTIMIZATION_LEVEL = "-Onone";
				SWIFT_VERSION = 5.0;
				TARGETED_DEVICE_FAMILY = 1;
			};
			name = Debug;
		};
		CF46D3F928ECD0050052C018 /* Release */ = {
			isa = XCBuildConfiguration;
			buildSettings = {
				ASSETCATALOG_COMPILER_APPICON_NAME = AppIcon;
				ASSETCATALOG_COMPILER_GLOBAL_ACCENT_COLOR_NAME = AccentColor;
				ASSETCATALOG_COMPILER_INCLUDE_ALL_APPICON_ASSETS = NO;
				CLANG_ENABLE_MODULES = YES;
				CODE_SIGN_IDENTITY = "Apple Development";
				CODE_SIGN_STYLE = Automatic;
				CURRENT_PROJECT_VERSION = 1;
				DEVELOPMENT_ASSET_PATHS = "\"Nilo/Preview Content\"";
				DEVELOPMENT_TEAM = 67AYPRFZH8;
				ENABLE_PREVIEWS = YES;
				GENERATE_INFOPLIST_FILE = YES;
				INFOPLIST_FILE = Nilo/Info.plist;
				INFOPLIST_KEY_NSCameraUsageDescription = "Utilizar fotos da sua camera para melhorar retratos";
				INFOPLIST_KEY_NSPhotoLibraryAddUsageDescription = NSPhotoLibraryAddUsageDescription;
				INFOPLIST_KEY_UIApplicationSceneManifest_Generation = YES;
				INFOPLIST_KEY_UIApplicationSupportsIndirectInputEvents = YES;
				INFOPLIST_KEY_UILaunchScreen_Generation = YES;
				INFOPLIST_KEY_UILaunchStoryboardName = "Launch Screen.storyboard";
				INFOPLIST_KEY_UIRequiresFullScreen = NO;
				INFOPLIST_KEY_UISupportedInterfaceOrientations = UIInterfaceOrientationPortrait;
				LD_RUNPATH_SEARCH_PATHS = (
					"$(inherited)",
					"@executable_path/Frameworks",
				);
				MARKETING_VERSION = 1.0;
				OTHER_CFLAGS = "";
				OTHER_CPLUSPLUSFLAGS = (
					"$(OTHER_CFLAGS)",
					"-std=c++11",
					"-Wno-deprecated-register",
				);
				PRODUCT_BUNDLE_IDENTIFIER = MaiaJp.nilo;
				PRODUCT_NAME = "$(TARGET_NAME)";
				PROVISIONING_PROFILE_SPECIFIER = "";
				SUPPORTED_PLATFORMS = "iphoneos iphonesimulator";
				SUPPORTS_MACCATALYST = NO;
				SUPPORTS_MAC_DESIGNED_FOR_IPHONE_IPAD = NO;
				SWIFT_EMIT_LOC_STRINGS = YES;
				SWIFT_OBJC_BRIDGING_HEADER = "Nilo/Model/ColorizeML/Util/Nilo-Bridging-Header.h";
				SWIFT_VERSION = 5.0;
				TARGETED_DEVICE_FAMILY = 1;
			};
			name = Release;
		};
/* End XCBuildConfiguration section */

/* Begin XCConfigurationList section */
		CF46D3E428ECD0040052C018 /* Build configuration list for PBXProject "Nilo" */ = {
			isa = XCConfigurationList;
			buildConfigurations = (
				CF46D3F528ECD0050052C018 /* Debug */,
				CF46D3F628ECD0050052C018 /* Release */,
			);
			defaultConfigurationIsVisible = 0;
			defaultConfigurationName = Debug;
		};
		CF46D3F728ECD0050052C018 /* Build configuration list for PBXNativeTarget "Nilo" */ = {
			isa = XCConfigurationList;
			buildConfigurations = (
				CF46D3F828ECD0050052C018 /* Debug */,
				CF46D3F928ECD0050052C018 /* Release */,
			);
			defaultConfigurationIsVisible = 0;
			defaultConfigurationName = Debug;
		};
/* End XCConfigurationList section */

/* Begin XCRemoteSwiftPackageReference section */
		CFEA98E928F114D50058F16F /* XCRemoteSwiftPackageReference "CodableExtensions" */ = {
			isa = XCRemoteSwiftPackageReference;
			repositoryURL = "https://github.com/rvenieris/CodableExtensions";
			requirement = {
				kind = upToNextMajorVersion;
				minimumVersion = 1.0.0;
			};
		};
/* End XCRemoteSwiftPackageReference section */

/* Begin XCSwiftPackageProductDependency section */
		CFEA98EA28F114D50058F16F /* CodableExtensions */ = {
			isa = XCSwiftPackageProductDependency;
			package = CFEA98E928F114D50058F16F /* XCRemoteSwiftPackageReference "CodableExtensions" */;
			productName = CodableExtensions;
		};
/* End XCSwiftPackageProductDependency section */
	};
	rootObject = CF46D3E128ECD0040052C018 /* Project object */;
}
